// !$*UTF8*$!
{
	archiveVersion = 1;
	classes = {
	};
	objectVersion = 45;
	objects = {

/* Begin PBXBuildFile section */
		8DD76F650486A84900D96B5E /* main.cpp in Sources */ = {isa = PBXBuildFile; fileRef = 08FB7796FE84155DC02AAC07 /* main.cpp */; settings = {ATTRIBUTES = (); }; };
		8DD76F6A0486A84900D96B5E /* finch.1 in CopyFiles */ = {isa = PBXBuildFile; fileRef = C6859E8B029090EE04C91782 /* finch.1 */; };
		C414906711E31344006CE647 /* Interpreter.cpp in Sources */ = {isa = PBXBuildFile; fileRef = C414906611E31344006CE647 /* Interpreter.cpp */; };
		C414906B11E3146E006CE647 /* StandaloneInterpreterHost.cpp in Sources */ = {isa = PBXBuildFile; fileRef = C414906A11E3146E006CE647 /* StandaloneInterpreterHost.cpp */; };
		C424166210E5B70E001E7103 /* StringTests.cpp in Sources */ = {isa = PBXBuildFile; fileRef = C424165F10E5B70E001E7103 /* StringTests.cpp */; };
		C424166310E5B70E001E7103 /* QueueTests.cpp in Sources */ = {isa = PBXBuildFile; fileRef = C424166110E5B70E001E7103 /* QueueTests.cpp */; };
		C45102D410DF37DC0009E52E /* EtherPrimitives.cpp in Sources */ = {isa = PBXBuildFile; fileRef = C45102D310DF37DC0009E52E /* EtherPrimitives.cpp */; };
		C46588D110DE847F007C4C3E /* StringPrimitives.cpp in Sources */ = {isa = PBXBuildFile; fileRef = C46588CE10DE847F007C4C3E /* StringPrimitives.cpp */; };
		C46588D210DE847F007C4C3E /* ObjectPrimitives.cpp in Sources */ = {isa = PBXBuildFile; fileRef = C46588D010DE847F007C4C3E /* ObjectPrimitives.cpp */; };
		C465890810DE874E007C4C3E /* FileLineReader.cpp in Sources */ = {isa = PBXBuildFile; fileRef = C465890710DE874E007C4C3E /* FileLineReader.cpp */; };
		C465890D10DE876C007C4C3E /* LineNormalizer.cpp in Sources */ = {isa = PBXBuildFile; fileRef = C465890A10DE876C007C4C3E /* LineNormalizer.cpp */; };
		C465893010DE8802007C4C3E /* TokenTests.cpp in Sources */ = {isa = PBXBuildFile; fileRef = C465892910DE8802007C4C3E /* TokenTests.cpp */; };
		C465893110DE8802007C4C3E /* TestMain.cpp in Sources */ = {isa = PBXBuildFile; fileRef = C465892B10DE8802007C4C3E /* TestMain.cpp */; };
		C465893210DE8802007C4C3E /* Test.cpp in Sources */ = {isa = PBXBuildFile; fileRef = C465892D10DE8802007C4C3E /* Test.cpp */; };
		C465893310DE8802007C4C3E /* RefTests.cpp in Sources */ = {isa = PBXBuildFile; fileRef = C465892F10DE8802007C4C3E /* RefTests.cpp */; };
		C483C8A611D9B44900C0BAA9 /* FinchString.cpp in Sources */ = {isa = PBXBuildFile; fileRef = C483C8A411D9B44900C0BAA9 /* FinchString.cpp */; };
		C4A6F68810DC3B4400854074 /* ReplLineReader.cpp in Sources */ = {isa = PBXBuildFile; fileRef = C4A6F68710DC3B4400854074 /* ReplLineReader.cpp */; };
		C4C697951134B2EF00662643 /* StringTable.cpp in Sources */ = {isa = PBXBuildFile; fileRef = C4C697931134B2EF00662643 /* StringTable.cpp */; };
		C4C6979C1134B33A00662643 /* BlockTable.cpp in Sources */ = {isa = PBXBuildFile; fileRef = C4C697961134B33A00662643 /* BlockTable.cpp */; };
		C4C6979D1134B33A00662643 /* CodeBlock.cpp in Sources */ = {isa = PBXBuildFile; fileRef = C4C697981134B33A00662643 /* CodeBlock.cpp */; };
		C4C6979E1134B33A00662643 /* Compiler.cpp in Sources */ = {isa = PBXBuildFile; fileRef = C4C6979A1134B33A00662643 /* Compiler.cpp */; };
		C4C697A11134B35200662643 /* Process.cpp in Sources */ = {isa = PBXBuildFile; fileRef = C4C6979F1134B35200662643 /* Process.cpp */; };
		C4C697A61134B36F00662643 /* LexerTests.cpp in Sources */ = {isa = PBXBuildFile; fileRef = C4C697A21134B36F00662643 /* LexerTests.cpp */; };
		C4C697A71134B36F00662643 /* StackTests.cpp in Sources */ = {isa = PBXBuildFile; fileRef = C4C697A41134B36F00662643 /* StackTests.cpp */; };
		C4C698091134CA9900662643 /* ArrayTests.cpp in Sources */ = {isa = PBXBuildFile; fileRef = C4C698071134CA9900662643 /* ArrayTests.cpp */; };
		C4CDF8A710D88DDF001C9D4A /* DynamicObject.cpp in Sources */ = {isa = PBXBuildFile; fileRef = C4CDF89E10D88DDF001C9D4A /* DynamicObject.cpp */; };
		C4CDF8A910D88DDF001C9D4A /* Object.cpp in Sources */ = {isa = PBXBuildFile; fileRef = C4CDF8A210D88DDF001C9D4A /* Object.cpp */; };
		C4CDF8B310D88DF3001C9D4A /* NumberPrimitives.cpp in Sources */ = {isa = PBXBuildFile; fileRef = C4CDF8AC10D88DF3001C9D4A /* NumberPrimitives.cpp */; };
		C4CDF8B610D88DF3001C9D4A /* BlockPrimitives.cpp in Sources */ = {isa = PBXBuildFile; fileRef = C4CDF8B210D88DF3001C9D4A /* BlockPrimitives.cpp */; };
		C4CDF8B910D88E1F001C9D4A /* Environment.cpp in Sources */ = {isa = PBXBuildFile; fileRef = C4CDF8B810D88E1F001C9D4A /* Environment.cpp */; };
		C4E4C6E311D8EB7E00978630 /* ArrayPrimitives.cpp in Sources */ = {isa = PBXBuildFile; fileRef = C4E4C6E111D8EB7E00978630 /* ArrayPrimitives.cpp */; };
		C4FC160610D4328300E6ABD6 /* Scope.cpp in Sources */ = {isa = PBXBuildFile; fileRef = C4FC15FD10D4328300E6ABD6 /* Scope.cpp */; };
		C4FC166010D4331C00E6ABD6 /* Expr.cpp in Sources */ = {isa = PBXBuildFile; fileRef = C4FC164B10D4331C00E6ABD6 /* Expr.cpp */; };
		C4FC167110D4334800E6ABD6 /* FinchParser.cpp in Sources */ = {isa = PBXBuildFile; fileRef = C4FC166910D4334800E6ABD6 /* FinchParser.cpp */; };
		C4FC167210D4334800E6ABD6 /* Lexer.cpp in Sources */ = {isa = PBXBuildFile; fileRef = C4FC166B10D4334800E6ABD6 /* Lexer.cpp */; };
		C4FC167310D4334800E6ABD6 /* Parser.cpp in Sources */ = {isa = PBXBuildFile; fileRef = C4FC166D10D4334800E6ABD6 /* Parser.cpp */; };
		C4FC167410D4334800E6ABD6 /* Token.cpp in Sources */ = {isa = PBXBuildFile; fileRef = C4FC166F10D4334800E6ABD6 /* Token.cpp */; };
/* End PBXBuildFile section */

/* Begin PBXCopyFilesBuildPhase section */
		8DD76F690486A84900D96B5E /* CopyFiles */ = {
			isa = PBXCopyFilesBuildPhase;
			buildActionMask = 8;
			dstPath = /usr/share/man/man1/;
			dstSubfolderSpec = 0;
			files = (
				8DD76F6A0486A84900D96B5E /* finch.1 in CopyFiles */,
			);
			runOnlyForDeploymentPostprocessing = 1;
		};
/* End PBXCopyFilesBuildPhase section */

/* Begin PBXFileReference section */
		08FB7796FE84155DC02AAC07 /* main.cpp */ = {isa = PBXFileReference; fileEncoding = 4; lastKnownFileType = sourcecode.cpp.cpp; path = main.cpp; sourceTree = "<group>"; };
		8DD76F6C0486A84900D96B5E /* finch */ = {isa = PBXFileReference; explicitFileType = "compiled.mach-o.executable"; includeInIndex = 0; path = finch; sourceTree = BUILT_PRODUCTS_DIR; };
		C414906511E31344006CE647 /* Interpreter.h */ = {isa = PBXFileReference; fileEncoding = 4; lastKnownFileType = sourcecode.c.h; path = Interpreter.h; sourceTree = "<group>"; };
		C414906611E31344006CE647 /* Interpreter.cpp */ = {isa = PBXFileReference; fileEncoding = 4; lastKnownFileType = sourcecode.cpp.cpp; path = Interpreter.cpp; sourceTree = "<group>"; };
		C414906811E313AD006CE647 /* IInterpreterHost.h */ = {isa = PBXFileReference; fileEncoding = 4; lastKnownFileType = sourcecode.c.h; path = IInterpreterHost.h; sourceTree = "<group>"; };
		C414906911E3146E006CE647 /* StandaloneInterpreterHost.h */ = {isa = PBXFileReference; fileEncoding = 4; lastKnownFileType = sourcecode.c.h; path = StandaloneInterpreterHost.h; sourceTree = "<group>"; };
		C414906A11E3146E006CE647 /* StandaloneInterpreterHost.cpp */ = {isa = PBXFileReference; fileEncoding = 4; lastKnownFileType = sourcecode.cpp.cpp; path = StandaloneInterpreterHost.cpp; sourceTree = "<group>"; };
		C424165E10E5B70E001E7103 /* StringTests.h */ = {isa = PBXFileReference; fileEncoding = 4; lastKnownFileType = sourcecode.c.h; name = StringTests.h; path = Test/StringTests.h; sourceTree = "<group>"; };
		C424165F10E5B70E001E7103 /* StringTests.cpp */ = {isa = PBXFileReference; fileEncoding = 4; lastKnownFileType = sourcecode.cpp.cpp; name = StringTests.cpp; path = Test/StringTests.cpp; sourceTree = "<group>"; };
		C424166010E5B70E001E7103 /* QueueTests.h */ = {isa = PBXFileReference; fileEncoding = 4; lastKnownFileType = sourcecode.c.h; name = QueueTests.h; path = Test/QueueTests.h; sourceTree = "<group>"; };
		C424166110E5B70E001E7103 /* QueueTests.cpp */ = {isa = PBXFileReference; fileEncoding = 4; lastKnownFileType = sourcecode.cpp.cpp; name = QueueTests.cpp; path = Test/QueueTests.cpp; sourceTree = "<group>"; };
		C424166410E5B71D001E7103 /* Queue.h */ = {isa = PBXFileReference; fileEncoding = 4; lastKnownFileType = sourcecode.c.h; name = Queue.h; path = Base/Queue.h; sourceTree = "<group>"; };
		C45102D210DF37DC0009E52E /* EtherPrimitives.h */ = {isa = PBXFileReference; fileEncoding = 4; lastKnownFileType = sourcecode.c.h; name = EtherPrimitives.h; path = Interpreter/Primitives/EtherPrimitives.h; sourceTree = "<group>"; };
		C45102D310DF37DC0009E52E /* EtherPrimitives.cpp */ = {isa = PBXFileReference; fileEncoding = 4; lastKnownFileType = sourcecode.cpp.cpp; name = EtherPrimitives.cpp; path = Interpreter/Primitives/EtherPrimitives.cpp; sourceTree = "<group>"; };
		C46588CD10DE847F007C4C3E /* StringPrimitives.h */ = {isa = PBXFileReference; fileEncoding = 4; lastKnownFileType = sourcecode.c.h; name = StringPrimitives.h; path = Interpreter/Primitives/StringPrimitives.h; sourceTree = "<group>"; };
		C46588CE10DE847F007C4C3E /* StringPrimitives.cpp */ = {isa = PBXFileReference; fileEncoding = 4; lastKnownFileType = sourcecode.cpp.cpp; name = StringPrimitives.cpp; path = Interpreter/Primitives/StringPrimitives.cpp; sourceTree = "<group>"; };
		C46588CF10DE847F007C4C3E /* ObjectPrimitives.h */ = {isa = PBXFileReference; fileEncoding = 4; lastKnownFileType = sourcecode.c.h; name = ObjectPrimitives.h; path = Interpreter/Primitives/ObjectPrimitives.h; sourceTree = "<group>"; };
		C46588D010DE847F007C4C3E /* ObjectPrimitives.cpp */ = {isa = PBXFileReference; fileEncoding = 4; lastKnownFileType = sourcecode.cpp.cpp; name = ObjectPrimitives.cpp; path = Interpreter/Primitives/ObjectPrimitives.cpp; sourceTree = "<group>"; };
		C465890610DE874E007C4C3E /* FileLineReader.h */ = {isa = PBXFileReference; fileEncoding = 4; lastKnownFileType = sourcecode.c.h; name = FileLineReader.h; path = Interpreter/FileLineReader.h; sourceTree = "<group>"; };
		C465890710DE874E007C4C3E /* FileLineReader.cpp */ = {isa = PBXFileReference; fileEncoding = 4; lastKnownFileType = sourcecode.cpp.cpp; name = FileLineReader.cpp; path = Interpreter/FileLineReader.cpp; sourceTree = "<group>"; };
		C465890910DE876C007C4C3E /* LineNormalizer.h */ = {isa = PBXFileReference; fileEncoding = 4; lastKnownFileType = sourcecode.c.h; name = LineNormalizer.h; path = Syntax/LineNormalizer.h; sourceTree = "<group>"; };
		C465890A10DE876C007C4C3E /* LineNormalizer.cpp */ = {isa = PBXFileReference; fileEncoding = 4; lastKnownFileType = sourcecode.cpp.cpp; name = LineNormalizer.cpp; path = Syntax/LineNormalizer.cpp; sourceTree = "<group>"; };
		C465890B10DE876C007C4C3E /* ITokenSource.h */ = {isa = PBXFileReference; fileEncoding = 4; lastKnownFileType = sourcecode.c.h; name = ITokenSource.h; path = Syntax/ITokenSource.h; sourceTree = "<group>"; };
		C465890C10DE876C007C4C3E /* ILineReader.h */ = {isa = PBXFileReference; fileEncoding = 4; lastKnownFileType = sourcecode.c.h; name = ILineReader.h; path = Syntax/ILineReader.h; sourceTree = "<group>"; };
		C465892310DE87AB007C4C3E /* Dictionary.h */ = {isa = PBXFileReference; fileEncoding = 4; lastKnownFileType = sourcecode.c.h; name = Dictionary.h; path = Base/Dictionary.h; sourceTree = "<group>"; };
		C465892810DE8802007C4C3E /* TokenTests.h */ = {isa = PBXFileReference; fileEncoding = 4; lastKnownFileType = sourcecode.c.h; name = TokenTests.h; path = Test/TokenTests.h; sourceTree = "<group>"; };
		C465892910DE8802007C4C3E /* TokenTests.cpp */ = {isa = PBXFileReference; fileEncoding = 4; lastKnownFileType = sourcecode.cpp.cpp; name = TokenTests.cpp; path = Test/TokenTests.cpp; sourceTree = "<group>"; };
		C465892A10DE8802007C4C3E /* TestMain.h */ = {isa = PBXFileReference; fileEncoding = 4; lastKnownFileType = sourcecode.c.h; name = TestMain.h; path = Test/TestMain.h; sourceTree = "<group>"; };
		C465892B10DE8802007C4C3E /* TestMain.cpp */ = {isa = PBXFileReference; fileEncoding = 4; lastKnownFileType = sourcecode.cpp.cpp; name = TestMain.cpp; path = Test/TestMain.cpp; sourceTree = "<group>"; };
		C465892C10DE8802007C4C3E /* Test.h */ = {isa = PBXFileReference; fileEncoding = 4; lastKnownFileType = sourcecode.c.h; name = Test.h; path = Test/Test.h; sourceTree = "<group>"; };
		C465892D10DE8802007C4C3E /* Test.cpp */ = {isa = PBXFileReference; fileEncoding = 4; lastKnownFileType = sourcecode.cpp.cpp; name = Test.cpp; path = Test/Test.cpp; sourceTree = "<group>"; };
		C465892E10DE8802007C4C3E /* RefTests.h */ = {isa = PBXFileReference; fileEncoding = 4; lastKnownFileType = sourcecode.c.h; name = RefTests.h; path = Test/RefTests.h; sourceTree = "<group>"; };
		C465892F10DE8802007C4C3E /* RefTests.cpp */ = {isa = PBXFileReference; fileEncoding = 4; lastKnownFileType = sourcecode.cpp.cpp; name = RefTests.cpp; path = Test/RefTests.cpp; sourceTree = "<group>"; };
		C483C8A411D9B44900C0BAA9 /* FinchString.cpp */ = {isa = PBXFileReference; fileEncoding = 4; lastKnownFileType = sourcecode.cpp.cpp; name = FinchString.cpp; path = Base/FinchString.cpp; sourceTree = "<group>"; };
		C483C8A511D9B44900C0BAA9 /* FinchString.h */ = {isa = PBXFileReference; fileEncoding = 4; lastKnownFileType = sourcecode.c.h; name = FinchString.h; path = Base/FinchString.h; sourceTree = "<group>"; };
		C49AB21E11E5A2A300BB9D45 /* IErrorReporter.h */ = {isa = PBXFileReference; fileEncoding = 4; lastKnownFileType = sourcecode.c.h; path = IErrorReporter.h; sourceTree = "<group>"; };
		C4A6F68610DC3B4400854074 /* ReplLineReader.h */ = {isa = PBXFileReference; fileEncoding = 4; lastKnownFileType = sourcecode.c.h; path = ReplLineReader.h; sourceTree = "<group>"; };
		C4A6F68710DC3B4400854074 /* ReplLineReader.cpp */ = {isa = PBXFileReference; fileEncoding = 4; lastKnownFileType = sourcecode.cpp.cpp; path = ReplLineReader.cpp; sourceTree = "<group>"; };
		C4C697921134B2EF00662643 /* Stack.h */ = {isa = PBXFileReference; fileEncoding = 4; lastKnownFileType = sourcecode.c.h; name = Stack.h; path = Base/Stack.h; sourceTree = "<group>"; };
		C4C697931134B2EF00662643 /* StringTable.cpp */ = {isa = PBXFileReference; fileEncoding = 4; lastKnownFileType = sourcecode.cpp.cpp; name = StringTable.cpp; path = Base/StringTable.cpp; sourceTree = "<group>"; };
		C4C697941134B2EF00662643 /* StringTable.h */ = {isa = PBXFileReference; fileEncoding = 4; lastKnownFileType = sourcecode.c.h; name = StringTable.h; path = Base/StringTable.h; sourceTree = "<group>"; };
		C4C697961134B33A00662643 /* BlockTable.cpp */ = {isa = PBXFileReference; fileEncoding = 4; lastKnownFileType = sourcecode.cpp.cpp; name = BlockTable.cpp; path = Compiler/BlockTable.cpp; sourceTree = "<group>"; };
		C4C697971134B33A00662643 /* BlockTable.h */ = {isa = PBXFileReference; fileEncoding = 4; lastKnownFileType = sourcecode.c.h; name = BlockTable.h; path = Compiler/BlockTable.h; sourceTree = "<group>"; };
		C4C697981134B33A00662643 /* CodeBlock.cpp */ = {isa = PBXFileReference; fileEncoding = 4; lastKnownFileType = sourcecode.cpp.cpp; name = CodeBlock.cpp; path = Compiler/CodeBlock.cpp; sourceTree = "<group>"; };
		C4C697991134B33A00662643 /* CodeBlock.h */ = {isa = PBXFileReference; fileEncoding = 4; lastKnownFileType = sourcecode.c.h; name = CodeBlock.h; path = Compiler/CodeBlock.h; sourceTree = "<group>"; };
		C4C6979A1134B33A00662643 /* Compiler.cpp */ = {isa = PBXFileReference; fileEncoding = 4; lastKnownFileType = sourcecode.cpp.cpp; name = Compiler.cpp; path = Compiler/Compiler.cpp; sourceTree = "<group>"; };
		C4C6979B1134B33A00662643 /* Compiler.h */ = {isa = PBXFileReference; fileEncoding = 4; lastKnownFileType = sourcecode.c.h; name = Compiler.h; path = Compiler/Compiler.h; sourceTree = "<group>"; };
		C4C6979F1134B35200662643 /* Process.cpp */ = {isa = PBXFileReference; fileEncoding = 4; lastKnownFileType = sourcecode.cpp.cpp; name = Process.cpp; path = Interpreter/Process.cpp; sourceTree = "<group>"; };
		C4C697A01134B35200662643 /* Process.h */ = {isa = PBXFileReference; fileEncoding = 4; lastKnownFileType = sourcecode.c.h; name = Process.h; path = Interpreter/Process.h; sourceTree = "<group>"; };
		C4C697A21134B36F00662643 /* LexerTests.cpp */ = {isa = PBXFileReference; fileEncoding = 4; lastKnownFileType = sourcecode.cpp.cpp; name = LexerTests.cpp; path = Test/LexerTests.cpp; sourceTree = "<group>"; };
		C4C697A31134B36F00662643 /* LexerTests.h */ = {isa = PBXFileReference; fileEncoding = 4; lastKnownFileType = sourcecode.c.h; name = LexerTests.h; path = Test/LexerTests.h; sourceTree = "<group>"; };
		C4C697A41134B36F00662643 /* StackTests.cpp */ = {isa = PBXFileReference; fileEncoding = 4; lastKnownFileType = sourcecode.cpp.cpp; name = StackTests.cpp; path = Test/StackTests.cpp; sourceTree = "<group>"; };
		C4C697A51134B36F00662643 /* StackTests.h */ = {isa = PBXFileReference; fileEncoding = 4; lastKnownFileType = sourcecode.c.h; name = StackTests.h; path = Test/StackTests.h; sourceTree = "<group>"; };
		C4C698061134CA7900662643 /* Array.h */ = {isa = PBXFileReference; fileEncoding = 4; lastKnownFileType = sourcecode.c.h; name = Array.h; path = Base/Array.h; sourceTree = "<group>"; };
		C4C698071134CA9900662643 /* ArrayTests.cpp */ = {isa = PBXFileReference; fileEncoding = 4; lastKnownFileType = sourcecode.cpp.cpp; name = ArrayTests.cpp; path = Test/ArrayTests.cpp; sourceTree = "<group>"; };
		C4C698081134CA9900662643 /* ArrayTests.h */ = {isa = PBXFileReference; fileEncoding = 4; lastKnownFileType = sourcecode.c.h; name = ArrayTests.h; path = Test/ArrayTests.h; sourceTree = "<group>"; };
		C4CDF89D10D88DDF001C9D4A /* BlockObject.h */ = {isa = PBXFileReference; fileEncoding = 4; lastKnownFileType = sourcecode.c.h; name = BlockObject.h; path = Interpreter/Objects/BlockObject.h; sourceTree = "<group>"; };
		C4CDF89E10D88DDF001C9D4A /* DynamicObject.cpp */ = {isa = PBXFileReference; fileEncoding = 4; lastKnownFileType = sourcecode.cpp.cpp; name = DynamicObject.cpp; path = Interpreter/Objects/DynamicObject.cpp; sourceTree = "<group>"; };
		C4CDF89F10D88DDF001C9D4A /* DynamicObject.h */ = {isa = PBXFileReference; fileEncoding = 4; lastKnownFileType = sourcecode.c.h; name = DynamicObject.h; path = Interpreter/Objects/DynamicObject.h; sourceTree = "<group>"; };
		C4CDF8A110D88DDF001C9D4A /* NumberObject.h */ = {isa = PBXFileReference; fileEncoding = 4; lastKnownFileType = sourcecode.c.h; name = NumberObject.h; path = Interpreter/Objects/NumberObject.h; sourceTree = "<group>"; };
		C4CDF8A210D88DDF001C9D4A /* Object.cpp */ = {isa = PBXFileReference; fileEncoding = 4; lastKnownFileType = sourcecode.cpp.cpp; name = Object.cpp; path = Interpreter/Objects/Object.cpp; sourceTree = "<group>"; };
		C4CDF8A310D88DDF001C9D4A /* Object.h */ = {isa = PBXFileReference; fileEncoding = 4; lastKnownFileType = sourcecode.c.h; name = Object.h; path = Interpreter/Objects/Object.h; sourceTree = "<group>"; };
		C4CDF8A510D88DDF001C9D4A /* StringObject.h */ = {isa = PBXFileReference; fileEncoding = 4; lastKnownFileType = sourcecode.c.h; name = StringObject.h; path = Interpreter/Objects/StringObject.h; sourceTree = "<group>"; };
		C4CDF8AB10D88DF3001C9D4A /* NumberPrimitives.h */ = {isa = PBXFileReference; fileEncoding = 4; lastKnownFileType = sourcecode.c.h; name = NumberPrimitives.h; path = Interpreter/Primitives/NumberPrimitives.h; sourceTree = "<group>"; };
		C4CDF8AC10D88DF3001C9D4A /* NumberPrimitives.cpp */ = {isa = PBXFileReference; fileEncoding = 4; lastKnownFileType = sourcecode.cpp.cpp; name = NumberPrimitives.cpp; path = Interpreter/Primitives/NumberPrimitives.cpp; sourceTree = "<group>"; };
		C4CDF8B110D88DF3001C9D4A /* BlockPrimitives.h */ = {isa = PBXFileReference; fileEncoding = 4; lastKnownFileType = sourcecode.c.h; name = BlockPrimitives.h; path = Interpreter/Primitives/BlockPrimitives.h; sourceTree = "<group>"; };
		C4CDF8B210D88DF3001C9D4A /* BlockPrimitives.cpp */ = {isa = PBXFileReference; fileEncoding = 4; lastKnownFileType = sourcecode.cpp.cpp; name = BlockPrimitives.cpp; path = Interpreter/Primitives/BlockPrimitives.cpp; sourceTree = "<group>"; };
		C4CDF8B710D88E1F001C9D4A /* Environment.h */ = {isa = PBXFileReference; fileEncoding = 4; lastKnownFileType = sourcecode.c.h; name = Environment.h; path = Interpreter/Environment.h; sourceTree = "<group>"; };
		C4CDF8B810D88E1F001C9D4A /* Environment.cpp */ = {isa = PBXFileReference; fileEncoding = 4; lastKnownFileType = sourcecode.cpp.cpp; name = Environment.cpp; path = Interpreter/Environment.cpp; sourceTree = "<group>"; };
		C4CDF8BA10D88E43001C9D4A /* StringExpr.h */ = {isa = PBXFileReference; fileEncoding = 4; lastKnownFileType = sourcecode.c.h; name = StringExpr.h; path = Syntax/AST/StringExpr.h; sourceTree = "<group>"; };
		C4E4C6E011D8EB6C00978630 /* ArrayObject.h */ = {isa = PBXFileReference; fileEncoding = 4; lastKnownFileType = sourcecode.c.h; name = ArrayObject.h; path = Interpreter/Objects/ArrayObject.h; sourceTree = "<group>"; };
		C4E4C6E111D8EB7E00978630 /* ArrayPrimitives.cpp */ = {isa = PBXFileReference; fileEncoding = 4; lastKnownFileType = sourcecode.cpp.cpp; name = ArrayPrimitives.cpp; path = Interpreter/Primitives/ArrayPrimitives.cpp; sourceTree = "<group>"; };
		C4E4C6E211D8EB7E00978630 /* ArrayPrimitives.h */ = {isa = PBXFileReference; fileEncoding = 4; lastKnownFileType = sourcecode.c.h; name = ArrayPrimitives.h; path = Interpreter/Primitives/ArrayPrimitives.h; sourceTree = "<group>"; };
		C4E4C6E411D8EBA600978630 /* ArrayExpr.h */ = {isa = PBXFileReference; fileEncoding = 4; lastKnownFileType = sourcecode.c.h; name = ArrayExpr.h; path = Syntax/AST/ArrayExpr.h; sourceTree = "<group>"; };
		C4E4C6E511D8EBA600978630 /* SelfExpr.h */ = {isa = PBXFileReference; fileEncoding = 4; lastKnownFileType = sourcecode.c.h; name = SelfExpr.h; path = Syntax/AST/SelfExpr.h; sourceTree = "<group>"; };
		C4E4C6E611D8EBA600978630 /* UndefineExpr.h */ = {isa = PBXFileReference; fileEncoding = 4; lastKnownFileType = sourcecode.c.h; name = UndefineExpr.h; path = Syntax/AST/UndefineExpr.h; sourceTree = "<group>"; };
		C4FC15FD10D4328300E6ABD6 /* Scope.cpp */ = {isa = PBXFileReference; fileEncoding = 4; lastKnownFileType = sourcecode.cpp.cpp; name = Scope.cpp; path = Interpreter/Scope.cpp; sourceTree = "<group>"; };
		C4FC15FE10D4328300E6ABD6 /* Scope.h */ = {isa = PBXFileReference; fileEncoding = 4; lastKnownFileType = sourcecode.c.h; name = Scope.h; path = Interpreter/Scope.h; sourceTree = "<group>"; };
		C4FC164810D4331C00E6ABD6 /* BlockExpr.h */ = {isa = PBXFileReference; fileEncoding = 4; lastKnownFileType = sourcecode.c.h; name = BlockExpr.h; path = Syntax/AST/BlockExpr.h; sourceTree = "<group>"; };
		C4FC164A10D4331C00E6ABD6 /* DefExpr.h */ = {isa = PBXFileReference; fileEncoding = 4; lastKnownFileType = sourcecode.c.h; name = DefExpr.h; path = Syntax/AST/DefExpr.h; sourceTree = "<group>"; };
		C4FC164B10D4331C00E6ABD6 /* Expr.cpp */ = {isa = PBXFileReference; fileEncoding = 4; lastKnownFileType = sourcecode.cpp.cpp; name = Expr.cpp; path = Syntax/AST/Expr.cpp; sourceTree = "<group>"; };
		C4FC164C10D4331C00E6ABD6 /* Expr.h */ = {isa = PBXFileReference; fileEncoding = 4; lastKnownFileType = sourcecode.c.h; name = Expr.h; path = Syntax/AST/Expr.h; sourceTree = "<group>"; };
		C4FC164D10D4331C00E6ABD6 /* IExprVisitor.h */ = {isa = PBXFileReference; fileEncoding = 4; lastKnownFileType = sourcecode.c.h; name = IExprVisitor.h; path = Syntax/AST/IExprVisitor.h; sourceTree = "<group>"; };
		C4FC164F10D4331C00E6ABD6 /* KeywordExpr.h */ = {isa = PBXFileReference; fileEncoding = 4; lastKnownFileType = sourcecode.c.h; name = KeywordExpr.h; path = Syntax/AST/KeywordExpr.h; sourceTree = "<group>"; };
		C4FC165110D4331C00E6ABD6 /* NameExpr.h */ = {isa = PBXFileReference; fileEncoding = 4; lastKnownFileType = sourcecode.c.h; name = NameExpr.h; path = Syntax/AST/NameExpr.h; sourceTree = "<group>"; };
		C4FC165310D4331C00E6ABD6 /* NumberExpr.h */ = {isa = PBXFileReference; fileEncoding = 4; lastKnownFileType = sourcecode.c.h; name = NumberExpr.h; path = Syntax/AST/NumberExpr.h; sourceTree = "<group>"; };
		C4FC165510D4331C00E6ABD6 /* OperatorExpr.h */ = {isa = PBXFileReference; fileEncoding = 4; lastKnownFileType = sourcecode.c.h; name = OperatorExpr.h; path = Syntax/AST/OperatorExpr.h; sourceTree = "<group>"; };
		C4FC165710D4331C00E6ABD6 /* SequenceExpr.h */ = {isa = PBXFileReference; fileEncoding = 4; lastKnownFileType = sourcecode.c.h; name = SequenceExpr.h; path = Syntax/AST/SequenceExpr.h; sourceTree = "<group>"; };
		C4FC165910D4331C00E6ABD6 /* SetExpr.h */ = {isa = PBXFileReference; fileEncoding = 4; lastKnownFileType = sourcecode.c.h; name = SetExpr.h; path = Syntax/AST/SetExpr.h; sourceTree = "<group>"; };
		C4FC165D10D4331C00E6ABD6 /* UnaryExpr.h */ = {isa = PBXFileReference; fileEncoding = 4; lastKnownFileType = sourcecode.c.h; name = UnaryExpr.h; path = Syntax/AST/UnaryExpr.h; sourceTree = "<group>"; };
		C4FC166910D4334800E6ABD6 /* FinchParser.cpp */ = {isa = PBXFileReference; fileEncoding = 4; lastKnownFileType = sourcecode.cpp.cpp; name = FinchParser.cpp; path = Syntax/FinchParser.cpp; sourceTree = "<group>"; };
		C4FC166A10D4334800E6ABD6 /* FinchParser.h */ = {isa = PBXFileReference; fileEncoding = 4; lastKnownFileType = sourcecode.c.h; name = FinchParser.h; path = Syntax/FinchParser.h; sourceTree = "<group>"; };
		C4FC166B10D4334800E6ABD6 /* Lexer.cpp */ = {isa = PBXFileReference; fileEncoding = 4; lastKnownFileType = sourcecode.cpp.cpp; name = Lexer.cpp; path = Syntax/Lexer.cpp; sourceTree = "<group>"; };
		C4FC166C10D4334800E6ABD6 /* Lexer.h */ = {isa = PBXFileReference; fileEncoding = 4; lastKnownFileType = sourcecode.c.h; name = Lexer.h; path = Syntax/Lexer.h; sourceTree = "<group>"; };
		C4FC166D10D4334800E6ABD6 /* Parser.cpp */ = {isa = PBXFileReference; fileEncoding = 4; lastKnownFileType = sourcecode.cpp.cpp; name = Parser.cpp; path = Syntax/Parser.cpp; sourceTree = "<group>"; };
		C4FC166E10D4334800E6ABD6 /* Parser.h */ = {isa = PBXFileReference; fileEncoding = 4; lastKnownFileType = sourcecode.c.h; name = Parser.h; path = Syntax/Parser.h; sourceTree = "<group>"; };
		C4FC166F10D4334800E6ABD6 /* Token.cpp */ = {isa = PBXFileReference; fileEncoding = 4; lastKnownFileType = sourcecode.cpp.cpp; name = Token.cpp; path = Syntax/Token.cpp; sourceTree = "<group>"; };
		C4FC167010D4334800E6ABD6 /* Token.h */ = {isa = PBXFileReference; fileEncoding = 4; lastKnownFileType = sourcecode.c.h; name = Token.h; path = Syntax/Token.h; sourceTree = "<group>"; };
		C4FC167510D4336500E6ABD6 /* Macros.h */ = {isa = PBXFileReference; fileEncoding = 4; lastKnownFileType = sourcecode.c.h; name = Macros.h; path = Base/Macros.h; sourceTree = "<group>"; };
		C4FC167710D4336500E6ABD6 /* Ref.h */ = {isa = PBXFileReference; fileEncoding = 4; lastKnownFileType = sourcecode.c.h; name = Ref.h; path = Base/Ref.h; sourceTree = "<group>"; };
		C6859E8B029090EE04C91782 /* finch.1 */ = {isa = PBXFileReference; lastKnownFileType = text.man; name = finch.1; path = snow.1; sourceTree = "<group>"; };
/* End PBXFileReference section */

/* Begin PBXFrameworksBuildPhase section */
		8DD76F660486A84900D96B5E /* Frameworks */ = {
			isa = PBXFrameworksBuildPhase;
			buildActionMask = 2147483647;
			files = (
			);
			runOnlyForDeploymentPostprocessing = 0;
		};
/* End PBXFrameworksBuildPhase section */

/* Begin PBXGroup section */
		08FB7794FE84155DC02AAC07 /* snow */ = {
			isa = PBXGroup;
			children = (
				08FB7795FE84155DC02AAC07 /* Source */,
				C6859E8C029090F304C91782 /* Documentation */,
				1AB674ADFE9D54B511CA2CBB /* Products */,
			);
			name = snow;
			sourceTree = "<group>";
		};
		08FB7795FE84155DC02AAC07 /* Source */ = {
			isa = PBXGroup;
			children = (
				08FB7796FE84155DC02AAC07 /* main.cpp */,
				C4A6F68610DC3B4400854074 /* ReplLineReader.h */,
				C4A6F68710DC3B4400854074 /* ReplLineReader.cpp */,
				C422D6B310E9047600980E01 /* Compiler */,
				C4B9DB2F10CF3C19003C556D /* Interpreter */,
				C4C514D410CB7A0C0045AA86 /* Syntax */,
				C4C514AE10CB77410045AA86 /* Base */,
				C4012A9F10CA99260088B77F /* Test */,
				C414906511E31344006CE647 /* Interpreter.h */,
				C414906611E31344006CE647 /* Interpreter.cpp */,
				C414906811E313AD006CE647 /* IInterpreterHost.h */,
				C414906911E3146E006CE647 /* StandaloneInterpreterHost.h */,
				C414906A11E3146E006CE647 /* StandaloneInterpreterHost.cpp */,
			);
			name = Source;
			sourceTree = "<group>";
		};
		1AB674ADFE9D54B511CA2CBB /* Products */ = {
			isa = PBXGroup;
			children = (
				8DD76F6C0486A84900D96B5E /* finch */,
			);
			name = Products;
			sourceTree = "<group>";
		};
		C4012A9F10CA99260088B77F /* Test */ = {
			isa = PBXGroup;
			children = (
				C4C698081134CA9900662643 /* ArrayTests.h */,
				C4C698071134CA9900662643 /* ArrayTests.cpp */,
				C4C697A31134B36F00662643 /* LexerTests.h */,
				C4C697A21134B36F00662643 /* LexerTests.cpp */,
				C4C697A51134B36F00662643 /* StackTests.h */,
				C4C697A41134B36F00662643 /* StackTests.cpp */,
				C424166010E5B70E001E7103 /* QueueTests.h */,
				C424166110E5B70E001E7103 /* QueueTests.cpp */,
				C465892E10DE8802007C4C3E /* RefTests.h */,
				C465892F10DE8802007C4C3E /* RefTests.cpp */,
				C424165E10E5B70E001E7103 /* StringTests.h */,
				C424165F10E5B70E001E7103 /* StringTests.cpp */,
				C465892C10DE8802007C4C3E /* Test.h */,
				C465892D10DE8802007C4C3E /* Test.cpp */,
				C465892A10DE8802007C4C3E /* TestMain.h */,
				C465892B10DE8802007C4C3E /* TestMain.cpp */,
				C465892810DE8802007C4C3E /* TokenTests.h */,
				C465892910DE8802007C4C3E /* TokenTests.cpp */,
			);
			name = Test;
			sourceTree = "<group>";
		};
		C402051C10CC39D900B521BB /* AST */ = {
			isa = PBXGroup;
			children = (
				C4E4C6E411D8EBA600978630 /* ArrayExpr.h */,
				C4E4C6E511D8EBA600978630 /* SelfExpr.h */,
				C4E4C6E611D8EBA600978630 /* UndefineExpr.h */,
				C4FC164810D4331C00E6ABD6 /* BlockExpr.h */,
				C4FC164A10D4331C00E6ABD6 /* DefExpr.h */,
				C4FC164C10D4331C00E6ABD6 /* Expr.h */,
				C4FC164B10D4331C00E6ABD6 /* Expr.cpp */,
				C4FC164D10D4331C00E6ABD6 /* IExprVisitor.h */,
				C4FC164F10D4331C00E6ABD6 /* KeywordExpr.h */,
				C4FC165110D4331C00E6ABD6 /* NameExpr.h */,
				C4FC165310D4331C00E6ABD6 /* NumberExpr.h */,
				C4FC165510D4331C00E6ABD6 /* OperatorExpr.h */,
				C4FC165710D4331C00E6ABD6 /* SequenceExpr.h */,
				C4FC165910D4331C00E6ABD6 /* SetExpr.h */,
				C4CDF8BA10D88E43001C9D4A /* StringExpr.h */,
				C4FC165D10D4331C00E6ABD6 /* UnaryExpr.h */,
			);
			name = AST;
			sourceTree = "<group>";
		};
		C422D6B310E9047600980E01 /* Compiler */ = {
			isa = PBXGroup;
			children = (
				C4C697971134B33A00662643 /* BlockTable.h */,
				C4C697961134B33A00662643 /* BlockTable.cpp */,
				C4C697991134B33A00662643 /* CodeBlock.h */,
				C4C697981134B33A00662643 /* CodeBlock.cpp */,
				C4C6979B1134B33A00662643 /* Compiler.h */,
				C4C6979A1134B33A00662643 /* Compiler.cpp */,
			);
			name = Compiler;
			sourceTree = "<group>";
		};
		C4B9DB2F10CF3C19003C556D /* Interpreter */ = {
			isa = PBXGroup;
			children = (
				C4C697A01134B35200662643 /* Process.h */,
				C4C6979F1134B35200662643 /* Process.cpp */,
				C4CDF8B710D88E1F001C9D4A /* Environment.h */,
				C4CDF8B810D88E1F001C9D4A /* Environment.cpp */,
				C465890610DE874E007C4C3E /* FileLineReader.h */,
				C465890710DE874E007C4C3E /* FileLineReader.cpp */,
				C4FC15FE10D4328300E6ABD6 /* Scope.h */,
				C4FC15FD10D4328300E6ABD6 /* Scope.cpp */,
				C4CDF86D10D7CAAE001C9D4A /* Objects */,
				C4CDF84F10D680B2001C9D4A /* Primitives */,
			);
			name = Interpreter;
			sourceTree = "<group>";
		};
		C4C514AE10CB77410045AA86 /* Base */ = {
			isa = PBXGroup;
			children = (
				C483C8A411D9B44900C0BAA9 /* FinchString.cpp */,
				C483C8A511D9B44900C0BAA9 /* FinchString.h */,
				C4C698061134CA7900662643 /* Array.h */,
				C465892310DE87AB007C4C3E /* Dictionary.h */,
				C4FC167510D4336500E6ABD6 /* Macros.h */,
				C424166410E5B71D001E7103 /* Queue.h */,
				C4FC167710D4336500E6ABD6 /* Ref.h */,
				C4C697921134B2EF00662643 /* Stack.h */,
				C4C697941134B2EF00662643 /* StringTable.h */,
				C4C697931134B2EF00662643 /* StringTable.cpp */,
			);
			name = Base;
			sourceTree = "<group>";
		};
		C4C514D410CB7A0C0045AA86 /* Syntax */ = {
			isa = PBXGroup;
			children = (
				C4FC166A10D4334800E6ABD6 /* FinchParser.h */,
				C4FC166910D4334800E6ABD6 /* FinchParser.cpp */,
				C49AB21E11E5A2A300BB9D45 /* IErrorReporter.h */,
				C465890C10DE876C007C4C3E /* ILineReader.h */,
				C465890B10DE876C007C4C3E /* ITokenSource.h */,
				C4FC166C10D4334800E6ABD6 /* Lexer.h */,
				C4FC166B10D4334800E6ABD6 /* Lexer.cpp */,
				C465890910DE876C007C4C3E /* LineNormalizer.h */,
				C465890A10DE876C007C4C3E /* LineNormalizer.cpp */,
				C4FC166E10D4334800E6ABD6 /* Parser.h */,
				C4FC166D10D4334800E6ABD6 /* Parser.cpp */,
				C4FC167010D4334800E6ABD6 /* Token.h */,
				C4FC166F10D4334800E6ABD6 /* Token.cpp */,
				C402051C10CC39D900B521BB /* AST */,
			);
			name = Syntax;
			sourceTree = "<group>";
		};
		C4CDF84F10D680B2001C9D4A /* Primitives */ = {
			isa = PBXGroup;
			children = (
				C4E4C6E111D8EB7E00978630 /* ArrayPrimitives.cpp */,
				C4E4C6E211D8EB7E00978630 /* ArrayPrimitives.h */,
				C4CDF8B110D88DF3001C9D4A /* BlockPrimitives.h */,
				C4CDF8B210D88DF3001C9D4A /* BlockPrimitives.cpp */,
				C45102D210DF37DC0009E52E /* EtherPrimitives.h */,
				C45102D310DF37DC0009E52E /* EtherPrimitives.cpp */,
				C4CDF8AB10D88DF3001C9D4A /* NumberPrimitives.h */,
				C4CDF8AC10D88DF3001C9D4A /* NumberPrimitives.cpp */,
				C46588CF10DE847F007C4C3E /* ObjectPrimitives.h */,
				C46588D010DE847F007C4C3E /* ObjectPrimitives.cpp */,
				C46588CD10DE847F007C4C3E /* StringPrimitives.h */,
				C46588CE10DE847F007C4C3E /* StringPrimitives.cpp */,
			);
			name = Primitives;
			sourceTree = "<group>";
		};
		C4CDF86D10D7CAAE001C9D4A /* Objects */ = {
			isa = PBXGroup;
			children = (
				C4E4C6E011D8EB6C00978630 /* ArrayObject.h */,
				C4CDF89D10D88DDF001C9D4A /* BlockObject.h */,
				C4CDF89F10D88DDF001C9D4A /* DynamicObject.h */,
				C4CDF89E10D88DDF001C9D4A /* DynamicObject.cpp */,
				C4CDF8A110D88DDF001C9D4A /* NumberObject.h */,
				C4CDF8A310D88DDF001C9D4A /* Object.h */,
				C4CDF8A210D88DDF001C9D4A /* Object.cpp */,
				C4CDF8A510D88DDF001C9D4A /* StringObject.h */,
			);
			name = Objects;
			sourceTree = "<group>";
		};
		C6859E8C029090F304C91782 /* Documentation */ = {
			isa = PBXGroup;
			children = (
				C6859E8B029090EE04C91782 /* finch.1 */,
			);
			name = Documentation;
			sourceTree = "<group>";
		};
/* End PBXGroup section */

/* Begin PBXNativeTarget section */
		8DD76F620486A84900D96B5E /* finch */ = {
			isa = PBXNativeTarget;
			buildConfigurationList = 1DEB923108733DC60010E9CD /* Build configuration list for PBXNativeTarget "finch" */;
			buildPhases = (
				8DD76F640486A84900D96B5E /* Sources */,
				8DD76F660486A84900D96B5E /* Frameworks */,
				8DD76F690486A84900D96B5E /* CopyFiles */,
			);
			buildRules = (
			);
			dependencies = (
			);
			name = finch;
			productInstallPath = "$(HOME)/bin";
			productName = snow;
			productReference = 8DD76F6C0486A84900D96B5E /* finch */;
			productType = "com.apple.product-type.tool";
		};
/* End PBXNativeTarget section */

/* Begin PBXProject section */
		08FB7793FE84155DC02AAC07 /* Project object */ = {
			isa = PBXProject;
			buildConfigurationList = 1DEB923508733DC60010E9CD /* Build configuration list for PBXProject "finch" */;
			compatibilityVersion = "Xcode 3.1";
			hasScannedForEncodings = 1;
			mainGroup = 08FB7794FE84155DC02AAC07 /* snow */;
			projectDirPath = "";
			projectRoot = "";
			targets = (
				8DD76F620486A84900D96B5E /* finch */,
			);
		};
/* End PBXProject section */

/* Begin PBXSourcesBuildPhase section */
		8DD76F640486A84900D96B5E /* Sources */ = {
			isa = PBXSourcesBuildPhase;
			buildActionMask = 2147483647;
			files = (
				8DD76F650486A84900D96B5E /* main.cpp in Sources */,
				C4FC160610D4328300E6ABD6 /* Scope.cpp in Sources */,
				C4FC166010D4331C00E6ABD6 /* Expr.cpp in Sources */,
				C4FC167110D4334800E6ABD6 /* FinchParser.cpp in Sources */,
				C4FC167210D4334800E6ABD6 /* Lexer.cpp in Sources */,
				C4FC167310D4334800E6ABD6 /* Parser.cpp in Sources */,
				C4FC167410D4334800E6ABD6 /* Token.cpp in Sources */,
				C4CDF8A710D88DDF001C9D4A /* DynamicObject.cpp in Sources */,
				C4CDF8A910D88DDF001C9D4A /* Object.cpp in Sources */,
				C4CDF8B310D88DF3001C9D4A /* NumberPrimitives.cpp in Sources */,
				C4CDF8B610D88DF3001C9D4A /* BlockPrimitives.cpp in Sources */,
				C4CDF8B910D88E1F001C9D4A /* Environment.cpp in Sources */,
				C4A6F68810DC3B4400854074 /* ReplLineReader.cpp in Sources */,
				C46588D110DE847F007C4C3E /* StringPrimitives.cpp in Sources */,
				C46588D210DE847F007C4C3E /* ObjectPrimitives.cpp in Sources */,
				C465890810DE874E007C4C3E /* FileLineReader.cpp in Sources */,
				C465890D10DE876C007C4C3E /* LineNormalizer.cpp in Sources */,
				C465893010DE8802007C4C3E /* TokenTests.cpp in Sources */,
				C465893110DE8802007C4C3E /* TestMain.cpp in Sources */,
				C465893210DE8802007C4C3E /* Test.cpp in Sources */,
				C465893310DE8802007C4C3E /* RefTests.cpp in Sources */,
				C45102D410DF37DC0009E52E /* EtherPrimitives.cpp in Sources */,
				C424166210E5B70E001E7103 /* StringTests.cpp in Sources */,
				C424166310E5B70E001E7103 /* QueueTests.cpp in Sources */,
				C4C697951134B2EF00662643 /* StringTable.cpp in Sources */,
				C4C6979C1134B33A00662643 /* BlockTable.cpp in Sources */,
				C4C6979D1134B33A00662643 /* CodeBlock.cpp in Sources */,
				C4C6979E1134B33A00662643 /* Compiler.cpp in Sources */,
				C4C697A11134B35200662643 /* Process.cpp in Sources */,
				C4C697A61134B36F00662643 /* LexerTests.cpp in Sources */,
				C4C697A71134B36F00662643 /* StackTests.cpp in Sources */,
				C4C698091134CA9900662643 /* ArrayTests.cpp in Sources */,
				C4E4C6E311D8EB7E00978630 /* ArrayPrimitives.cpp in Sources */,
				C483C8A611D9B44900C0BAA9 /* FinchString.cpp in Sources */,
				C414906711E31344006CE647 /* Interpreter.cpp in Sources */,
				C414906B11E3146E006CE647 /* StandaloneInterpreterHost.cpp in Sources */,
			);
			runOnlyForDeploymentPostprocessing = 0;
		};
/* End PBXSourcesBuildPhase section */

/* Begin XCBuildConfiguration section */
		1DEB923208733DC60010E9CD /* Debug */ = {
			isa = XCBuildConfiguration;
			buildSettings = {
				ALWAYS_SEARCH_USER_PATHS = NO;
				COPY_PHASE_STRIP = NO;
				GCC_DYNAMIC_NO_PIC = NO;
				GCC_ENABLE_FIX_AND_CONTINUE = YES;
				GCC_MODEL_TUNING = G5;
				GCC_OPTIMIZATION_LEVEL = 0;
				GCC_PREPROCESSOR_DEFINITIONS = (
					"_GLIBCXX_DEBUG=1",
					"_GLIBCXX_DEBUG_PEDANTIC=1",
				);
				GCC_TREAT_WARNINGS_AS_ERRORS = YES;
				GCC_VERSION = "";
				GCC_WARN_CHECK_SWITCH_STATEMENTS = NO;
				GCC_WARN_EFFECTIVE_CPLUSPLUS_VIOLATIONS = NO;
				GCC_WARN_INITIALIZER_NOT_FULLY_BRACKETED = NO;
				GCC_WARN_PEDANTIC = YES;
				GCC_WARN_SHADOW = NO;
				INSTALL_PATH = /usr/local/bin;
				PRODUCT_NAME = finch;
				SYMROOT = ../build;
				WARNING_CFLAGS = "-Wall";
			};
			name = Debug;
		};
		1DEB923308733DC60010E9CD /* Release */ = {
			isa = XCBuildConfiguration;
			buildSettings = {
				ALWAYS_SEARCH_USER_PATHS = NO;
				DEBUG_INFORMATION_FORMAT = "dwarf-with-dsym";
				GCC_MODEL_TUNING = G5;
				GCC_TREAT_WARNINGS_AS_ERRORS = YES;
				GCC_VERSION = "";
				GCC_WARN_CHECK_SWITCH_STATEMENTS = NO;
				GCC_WARN_EFFECTIVE_CPLUSPLUS_VIOLATIONS = NO;
				GCC_WARN_INITIALIZER_NOT_FULLY_BRACKETED = NO;
				GCC_WARN_PEDANTIC = YES;
				GCC_WARN_SHADOW = NO;
				INSTALL_PATH = /usr/local/bin;
				PRODUCT_NAME = finch;
				SYMROOT = ../build;
				WARNING_CFLAGS = "-Wall";
			};
			name = Release;
		};
		1DEB923608733DC60010E9CD /* Debug */ = {
			isa = XCBuildConfiguration;
			buildSettings = {
				ARCHS = "$(ARCHS_STANDARD_32_BIT)";
				GCC_C_LANGUAGE_STANDARD = c99;
				GCC_OPTIMIZATION_LEVEL = 0;
				GCC_WARN_ABOUT_RETURN_TYPE = YES;
				GCC_WARN_UNUSED_VARIABLE = YES;
				ONLY_ACTIVE_ARCH = YES;
				PREBINDING = NO;
				SDKROOT = macosx10.5;
			};
			name = Debug;
		};
		1DEB923708733DC60010E9CD /* Release */ = {
			isa = XCBuildConfiguration;
			buildSettings = {
				ARCHS = "$(ARCHS_STANDARD_32_BIT)";
				GCC_C_LANGUAGE_STANDARD = c99;
				GCC_WARN_ABOUT_RETURN_TYPE = YES;
				GCC_WARN_UNUSED_VARIABLE = YES;
				PREBINDING = NO;
				SDKROOT = macosx10.5;
			};
			name = Release;
		};
/* End XCBuildConfiguration section */

/* Begin XCConfigurationList section */
		1DEB923108733DC60010E9CD /* Build configuration list for PBXNativeTarget "finch" */ = {
			isa = XCConfigurationList;
			buildConfigurations = (
				1DEB923208733DC60010E9CD /* Debug */,
				1DEB923308733DC60010E9CD /* Release */,
			);
			defaultConfigurationIsVisible = 0;
			defaultConfigurationName = Release;
		};
		1DEB923508733DC60010E9CD /* Build configuration list for PBXProject "finch" */ = {
			isa = XCConfigurationList;
			buildConfigurations = (
				1DEB923608733DC60010E9CD /* Debug */,
				1DEB923708733DC60010E9CD /* Release */,
			);
			defaultConfigurationIsVisible = 0;
			defaultConfigurationName = Release;
		};
/* End XCConfigurationList section */
	};
	rootObject = 08FB7793FE84155DC02AAC07 /* Project object */;
}
