// !$*UTF8*$!
{
	archiveVersion = 1;
	classes = {
	};
	objectVersion = 45;
	objects = {

/* Begin PBXBuildFile section */
		8DD76F650486A84900D96B5E /* main.cpp in Sources */ = {isa = PBXBuildFile; fileRef = 08FB7796FE84155DC02AAC07 /* main.cpp */; settings = {ATTRIBUTES = (); }; };
		8DD76F6A0486A84900D96B5E /* finch.1 in CopyFiles */ = {isa = PBXBuildFile; fileRef = C6859E8B029090EE04C91782 /* finch.1 */; };
		C4012A4810CA948B0088B77F /* Repl.cpp in Sources */ = {isa = PBXBuildFile; fileRef = C4012A4710CA948B0088B77F /* Repl.cpp */; };
		C4012AA210CA99330088B77F /* TestMain.cpp in Sources */ = {isa = PBXBuildFile; fileRef = C4012AA110CA99330088B77F /* TestMain.cpp */; };
		C4012ACC10CAD89A0088B77F /* TokenTests.cpp in Sources */ = {isa = PBXBuildFile; fileRef = C4012ACB10CAD89A0088B77F /* TokenTests.cpp */; };
		C4012ACF10CAD8ED0088B77F /* Test.cpp in Sources */ = {isa = PBXBuildFile; fileRef = C4012ACE10CAD8ED0088B77F /* Test.cpp */; };
		C402051610CC38FA00B521BB /* RefTests.cpp in Sources */ = {isa = PBXBuildFile; fileRef = C402051510CC38FA00B521BB /* RefTests.cpp */; };
		C473A8AB10DA741B00695099 /* ObjectPrimitives.cpp in Sources */ = {isa = PBXBuildFile; fileRef = C473A8AA10DA741B00695099 /* ObjectPrimitives.cpp */; };
		C4CDF8A610D88DDF001C9D4A /* BlockObject.cpp in Sources */ = {isa = PBXBuildFile; fileRef = C4CDF89C10D88DDF001C9D4A /* BlockObject.cpp */; };
		C4CDF8A710D88DDF001C9D4A /* DynamicObject.cpp in Sources */ = {isa = PBXBuildFile; fileRef = C4CDF89E10D88DDF001C9D4A /* DynamicObject.cpp */; };
		C4CDF8A810D88DDF001C9D4A /* NumberObject.cpp in Sources */ = {isa = PBXBuildFile; fileRef = C4CDF8A010D88DDF001C9D4A /* NumberObject.cpp */; };
		C4CDF8A910D88DDF001C9D4A /* Object.cpp in Sources */ = {isa = PBXBuildFile; fileRef = C4CDF8A210D88DDF001C9D4A /* Object.cpp */; };
		C4CDF8AA10D88DDF001C9D4A /* StringObject.cpp in Sources */ = {isa = PBXBuildFile; fileRef = C4CDF8A410D88DDF001C9D4A /* StringObject.cpp */; };
		C4CDF8B310D88DF3001C9D4A /* NumberPrimitives.cpp in Sources */ = {isa = PBXBuildFile; fileRef = C4CDF8AC10D88DF3001C9D4A /* NumberPrimitives.cpp */; };
		C4CDF8B510D88DF3001C9D4A /* EnvironmentPrimitives.cpp in Sources */ = {isa = PBXBuildFile; fileRef = C4CDF8B010D88DF3001C9D4A /* EnvironmentPrimitives.cpp */; };
		C4CDF8B610D88DF3001C9D4A /* BlockPrimitives.cpp in Sources */ = {isa = PBXBuildFile; fileRef = C4CDF8B210D88DF3001C9D4A /* BlockPrimitives.cpp */; };
		C4CDF8B910D88E1F001C9D4A /* Environment.cpp in Sources */ = {isa = PBXBuildFile; fileRef = C4CDF8B810D88E1F001C9D4A /* Environment.cpp */; };
		C4CDF8BC10D88E43001C9D4A /* StringExpr.cpp in Sources */ = {isa = PBXBuildFile; fileRef = C4CDF8BB10D88E43001C9D4A /* StringExpr.cpp */; };
		C4FC15E510D3E33F00E6ABD6 /* Dict.cpp in Sources */ = {isa = PBXBuildFile; fileRef = C4FC15E410D3E33F00E6ABD6 /* Dict.cpp */; };
		C4FC160310D4328300E6ABD6 /* Evaluator.cpp in Sources */ = {isa = PBXBuildFile; fileRef = C4FC15F710D4328300E6ABD6 /* Evaluator.cpp */; };
		C4FC160610D4328300E6ABD6 /* Scope.cpp in Sources */ = {isa = PBXBuildFile; fileRef = C4FC15FD10D4328300E6ABD6 /* Scope.cpp */; };
		C4FC165E10D4331C00E6ABD6 /* BlockExpr.cpp in Sources */ = {isa = PBXBuildFile; fileRef = C4FC164710D4331C00E6ABD6 /* BlockExpr.cpp */; };
		C4FC165F10D4331C00E6ABD6 /* DefExpr.cpp in Sources */ = {isa = PBXBuildFile; fileRef = C4FC164910D4331C00E6ABD6 /* DefExpr.cpp */; };
		C4FC166010D4331C00E6ABD6 /* Expr.cpp in Sources */ = {isa = PBXBuildFile; fileRef = C4FC164B10D4331C00E6ABD6 /* Expr.cpp */; };
		C4FC166110D4331C00E6ABD6 /* KeywordExpr.cpp in Sources */ = {isa = PBXBuildFile; fileRef = C4FC164E10D4331C00E6ABD6 /* KeywordExpr.cpp */; };
		C4FC166210D4331C00E6ABD6 /* NameExpr.cpp in Sources */ = {isa = PBXBuildFile; fileRef = C4FC165010D4331C00E6ABD6 /* NameExpr.cpp */; };
		C4FC166310D4331C00E6ABD6 /* NumberExpr.cpp in Sources */ = {isa = PBXBuildFile; fileRef = C4FC165210D4331C00E6ABD6 /* NumberExpr.cpp */; };
		C4FC166410D4331C00E6ABD6 /* OperatorExpr.cpp in Sources */ = {isa = PBXBuildFile; fileRef = C4FC165410D4331C00E6ABD6 /* OperatorExpr.cpp */; };
		C4FC166510D4331C00E6ABD6 /* SequenceExpr.cpp in Sources */ = {isa = PBXBuildFile; fileRef = C4FC165610D4331C00E6ABD6 /* SequenceExpr.cpp */; };
		C4FC166610D4331C00E6ABD6 /* SetExpr.cpp in Sources */ = {isa = PBXBuildFile; fileRef = C4FC165810D4331C00E6ABD6 /* SetExpr.cpp */; };
		C4FC166810D4331C00E6ABD6 /* UnaryExpr.cpp in Sources */ = {isa = PBXBuildFile; fileRef = C4FC165C10D4331C00E6ABD6 /* UnaryExpr.cpp */; };
		C4FC167110D4334800E6ABD6 /* FinchParser.cpp in Sources */ = {isa = PBXBuildFile; fileRef = C4FC166910D4334800E6ABD6 /* FinchParser.cpp */; };
		C4FC167210D4334800E6ABD6 /* Lexer.cpp in Sources */ = {isa = PBXBuildFile; fileRef = C4FC166B10D4334800E6ABD6 /* Lexer.cpp */; };
		C4FC167310D4334800E6ABD6 /* Parser.cpp in Sources */ = {isa = PBXBuildFile; fileRef = C4FC166D10D4334800E6ABD6 /* Parser.cpp */; };
		C4FC167410D4334800E6ABD6 /* Token.cpp in Sources */ = {isa = PBXBuildFile; fileRef = C4FC166F10D4334800E6ABD6 /* Token.cpp */; };
		C4FC167A10D4336500E6ABD6 /* Ref.cpp in Sources */ = {isa = PBXBuildFile; fileRef = C4FC167610D4336500E6ABD6 /* Ref.cpp */; };
		C4FC167B10D4336500E6ABD6 /* String.cpp in Sources */ = {isa = PBXBuildFile; fileRef = C4FC167810D4336500E6ABD6 /* String.cpp */; };
/* End PBXBuildFile section */

/* Begin PBXCopyFilesBuildPhase section */
		8DD76F690486A84900D96B5E /* CopyFiles */ = {
			isa = PBXCopyFilesBuildPhase;
			buildActionMask = 8;
			dstPath = /usr/share/man/man1/;
			dstSubfolderSpec = 0;
			files = (
				8DD76F6A0486A84900D96B5E /* finch.1 in CopyFiles */,
			);
			runOnlyForDeploymentPostprocessing = 1;
		};
/* End PBXCopyFilesBuildPhase section */

/* Begin PBXFileReference section */
		08FB7796FE84155DC02AAC07 /* main.cpp */ = {isa = PBXFileReference; fileEncoding = 4; lastKnownFileType = sourcecode.cpp.cpp; path = main.cpp; sourceTree = "<group>"; };
		8DD76F6C0486A84900D96B5E /* finch */ = {isa = PBXFileReference; explicitFileType = "compiled.mach-o.executable"; includeInIndex = 0; path = finch; sourceTree = BUILT_PRODUCTS_DIR; };
		C4012A4410CA94580088B77F /* Repl.h */ = {isa = PBXFileReference; fileEncoding = 4; lastKnownFileType = sourcecode.c.h; path = Repl.h; sourceTree = "<group>"; };
		C4012A4710CA948B0088B77F /* Repl.cpp */ = {isa = PBXFileReference; fileEncoding = 4; lastKnownFileType = sourcecode.cpp.cpp; path = Repl.cpp; sourceTree = "<group>"; };
		C4012AA010CA99330088B77F /* TestMain.h */ = {isa = PBXFileReference; fileEncoding = 4; lastKnownFileType = sourcecode.c.h; path = TestMain.h; sourceTree = "<group>"; };
		C4012AA110CA99330088B77F /* TestMain.cpp */ = {isa = PBXFileReference; fileEncoding = 4; lastKnownFileType = sourcecode.cpp.cpp; path = TestMain.cpp; sourceTree = "<group>"; };
		C4012ACA10CAD89A0088B77F /* TokenTests.h */ = {isa = PBXFileReference; fileEncoding = 4; lastKnownFileType = sourcecode.c.h; path = TokenTests.h; sourceTree = "<group>"; };
		C4012ACB10CAD89A0088B77F /* TokenTests.cpp */ = {isa = PBXFileReference; fileEncoding = 4; lastKnownFileType = sourcecode.cpp.cpp; path = TokenTests.cpp; sourceTree = "<group>"; };
		C4012ACD10CAD8ED0088B77F /* Test.h */ = {isa = PBXFileReference; fileEncoding = 4; lastKnownFileType = sourcecode.c.h; path = Test.h; sourceTree = "<group>"; };
		C4012ACE10CAD8ED0088B77F /* Test.cpp */ = {isa = PBXFileReference; fileEncoding = 4; lastKnownFileType = sourcecode.cpp.cpp; path = Test.cpp; sourceTree = "<group>"; };
		C402051410CC38FA00B521BB /* RefTests.h */ = {isa = PBXFileReference; fileEncoding = 4; lastKnownFileType = sourcecode.c.h; path = RefTests.h; sourceTree = "<group>"; };
		C402051510CC38FA00B521BB /* RefTests.cpp */ = {isa = PBXFileReference; fileEncoding = 4; lastKnownFileType = sourcecode.cpp.cpp; path = RefTests.cpp; sourceTree = "<group>"; };
		C473A8A910DA741B00695099 /* ObjectPrimitives.h */ = {isa = PBXFileReference; fileEncoding = 4; lastKnownFileType = sourcecode.c.h; path = ObjectPrimitives.h; sourceTree = "<group>"; };
		C473A8AA10DA741B00695099 /* ObjectPrimitives.cpp */ = {isa = PBXFileReference; fileEncoding = 4; lastKnownFileType = sourcecode.cpp.cpp; path = ObjectPrimitives.cpp; sourceTree = "<group>"; };
		C4CDF89C10D88DDF001C9D4A /* BlockObject.cpp */ = {isa = PBXFileReference; fileEncoding = 4; lastKnownFileType = sourcecode.cpp.cpp; name = BlockObject.cpp; path = Interpreter/Objects/BlockObject.cpp; sourceTree = "<group>"; };
		C4CDF89D10D88DDF001C9D4A /* BlockObject.h */ = {isa = PBXFileReference; fileEncoding = 4; lastKnownFileType = sourcecode.c.h; name = BlockObject.h; path = Interpreter/Objects/BlockObject.h; sourceTree = "<group>"; };
		C4CDF89E10D88DDF001C9D4A /* DynamicObject.cpp */ = {isa = PBXFileReference; fileEncoding = 4; lastKnownFileType = sourcecode.cpp.cpp; name = DynamicObject.cpp; path = Interpreter/Objects/DynamicObject.cpp; sourceTree = "<group>"; };
		C4CDF89F10D88DDF001C9D4A /* DynamicObject.h */ = {isa = PBXFileReference; fileEncoding = 4; lastKnownFileType = sourcecode.c.h; name = DynamicObject.h; path = Interpreter/Objects/DynamicObject.h; sourceTree = "<group>"; };
		C4CDF8A010D88DDF001C9D4A /* NumberObject.cpp */ = {isa = PBXFileReference; fileEncoding = 4; lastKnownFileType = sourcecode.cpp.cpp; name = NumberObject.cpp; path = Interpreter/Objects/NumberObject.cpp; sourceTree = "<group>"; };
		C4CDF8A110D88DDF001C9D4A /* NumberObject.h */ = {isa = PBXFileReference; fileEncoding = 4; lastKnownFileType = sourcecode.c.h; name = NumberObject.h; path = Interpreter/Objects/NumberObject.h; sourceTree = "<group>"; };
		C4CDF8A210D88DDF001C9D4A /* Object.cpp */ = {isa = PBXFileReference; fileEncoding = 4; lastKnownFileType = sourcecode.cpp.cpp; name = Object.cpp; path = Interpreter/Objects/Object.cpp; sourceTree = "<group>"; };
		C4CDF8A310D88DDF001C9D4A /* Object.h */ = {isa = PBXFileReference; fileEncoding = 4; lastKnownFileType = sourcecode.c.h; name = Object.h; path = Interpreter/Objects/Object.h; sourceTree = "<group>"; };
		C4CDF8A410D88DDF001C9D4A /* StringObject.cpp */ = {isa = PBXFileReference; fileEncoding = 4; lastKnownFileType = sourcecode.cpp.cpp; name = StringObject.cpp; path = Interpreter/Objects/StringObject.cpp; sourceTree = "<group>"; };
		C4CDF8A510D88DDF001C9D4A /* StringObject.h */ = {isa = PBXFileReference; fileEncoding = 4; lastKnownFileType = sourcecode.c.h; name = StringObject.h; path = Interpreter/Objects/StringObject.h; sourceTree = "<group>"; };
		C4CDF8AB10D88DF3001C9D4A /* NumberPrimitives.h */ = {isa = PBXFileReference; fileEncoding = 4; lastKnownFileType = sourcecode.c.h; name = NumberPrimitives.h; path = Interpreter/Primitives/NumberPrimitives.h; sourceTree = "<group>"; };
		C4CDF8AC10D88DF3001C9D4A /* NumberPrimitives.cpp */ = {isa = PBXFileReference; fileEncoding = 4; lastKnownFileType = sourcecode.cpp.cpp; name = NumberPrimitives.cpp; path = Interpreter/Primitives/NumberPrimitives.cpp; sourceTree = "<group>"; };
		C4CDF8AF10D88DF3001C9D4A /* EnvironmentPrimitives.h */ = {isa = PBXFileReference; fileEncoding = 4; lastKnownFileType = sourcecode.c.h; name = EnvironmentPrimitives.h; path = Interpreter/Primitives/EnvironmentPrimitives.h; sourceTree = "<group>"; };
		C4CDF8B010D88DF3001C9D4A /* EnvironmentPrimitives.cpp */ = {isa = PBXFileReference; fileEncoding = 4; lastKnownFileType = sourcecode.cpp.cpp; name = EnvironmentPrimitives.cpp; path = Interpreter/Primitives/EnvironmentPrimitives.cpp; sourceTree = "<group>"; };
		C4CDF8B110D88DF3001C9D4A /* BlockPrimitives.h */ = {isa = PBXFileReference; fileEncoding = 4; lastKnownFileType = sourcecode.c.h; name = BlockPrimitives.h; path = Interpreter/Primitives/BlockPrimitives.h; sourceTree = "<group>"; };
		C4CDF8B210D88DF3001C9D4A /* BlockPrimitives.cpp */ = {isa = PBXFileReference; fileEncoding = 4; lastKnownFileType = sourcecode.cpp.cpp; name = BlockPrimitives.cpp; path = Interpreter/Primitives/BlockPrimitives.cpp; sourceTree = "<group>"; };
		C4CDF8B710D88E1F001C9D4A /* Environment.h */ = {isa = PBXFileReference; fileEncoding = 4; lastKnownFileType = sourcecode.c.h; name = Environment.h; path = Interpreter/Environment.h; sourceTree = "<group>"; };
		C4CDF8B810D88E1F001C9D4A /* Environment.cpp */ = {isa = PBXFileReference; fileEncoding = 4; lastKnownFileType = sourcecode.cpp.cpp; name = Environment.cpp; path = Interpreter/Environment.cpp; sourceTree = "<group>"; };
		C4CDF8BA10D88E43001C9D4A /* StringExpr.h */ = {isa = PBXFileReference; fileEncoding = 4; lastKnownFileType = sourcecode.c.h; name = StringExpr.h; path = Syntax/AST/StringExpr.h; sourceTree = "<group>"; };
		C4CDF8BB10D88E43001C9D4A /* StringExpr.cpp */ = {isa = PBXFileReference; fileEncoding = 4; lastKnownFileType = sourcecode.cpp.cpp; name = StringExpr.cpp; path = Syntax/AST/StringExpr.cpp; sourceTree = "<group>"; };
		C4FC15E310D3E33F00E6ABD6 /* Dict.h */ = {isa = PBXFileReference; fileEncoding = 4; lastKnownFileType = sourcecode.c.h; path = Dict.h; sourceTree = "<group>"; };
		C4FC15E410D3E33F00E6ABD6 /* Dict.cpp */ = {isa = PBXFileReference; fileEncoding = 4; lastKnownFileType = sourcecode.cpp.cpp; path = Dict.cpp; sourceTree = "<group>"; };
		C4FC15F710D4328300E6ABD6 /* Evaluator.cpp */ = {isa = PBXFileReference; fileEncoding = 4; lastKnownFileType = sourcecode.cpp.cpp; name = Evaluator.cpp; path = Interpreter/Evaluator.cpp; sourceTree = "<group>"; };
		C4FC15F810D4328300E6ABD6 /* Evaluator.h */ = {isa = PBXFileReference; fileEncoding = 4; lastKnownFileType = sourcecode.c.h; name = Evaluator.h; path = Interpreter/Evaluator.h; sourceTree = "<group>"; };
		C4FC15FD10D4328300E6ABD6 /* Scope.cpp */ = {isa = PBXFileReference; fileEncoding = 4; lastKnownFileType = sourcecode.cpp.cpp; name = Scope.cpp; path = Interpreter/Scope.cpp; sourceTree = "<group>"; };
		C4FC15FE10D4328300E6ABD6 /* Scope.h */ = {isa = PBXFileReference; fileEncoding = 4; lastKnownFileType = sourcecode.c.h; name = Scope.h; path = Interpreter/Scope.h; sourceTree = "<group>"; };
		C4FC164710D4331C00E6ABD6 /* BlockExpr.cpp */ = {isa = PBXFileReference; fileEncoding = 4; lastKnownFileType = sourcecode.cpp.cpp; name = BlockExpr.cpp; path = Syntax/AST/BlockExpr.cpp; sourceTree = "<group>"; };
		C4FC164810D4331C00E6ABD6 /* BlockExpr.h */ = {isa = PBXFileReference; fileEncoding = 4; lastKnownFileType = sourcecode.c.h; name = BlockExpr.h; path = Syntax/AST/BlockExpr.h; sourceTree = "<group>"; };
		C4FC164910D4331C00E6ABD6 /* DefExpr.cpp */ = {isa = PBXFileReference; fileEncoding = 4; lastKnownFileType = sourcecode.cpp.cpp; name = DefExpr.cpp; path = Syntax/AST/DefExpr.cpp; sourceTree = "<group>"; };
		C4FC164A10D4331C00E6ABD6 /* DefExpr.h */ = {isa = PBXFileReference; fileEncoding = 4; lastKnownFileType = sourcecode.c.h; name = DefExpr.h; path = Syntax/AST/DefExpr.h; sourceTree = "<group>"; };
		C4FC164B10D4331C00E6ABD6 /* Expr.cpp */ = {isa = PBXFileReference; fileEncoding = 4; lastKnownFileType = sourcecode.cpp.cpp; name = Expr.cpp; path = Syntax/AST/Expr.cpp; sourceTree = "<group>"; };
		C4FC164C10D4331C00E6ABD6 /* Expr.h */ = {isa = PBXFileReference; fileEncoding = 4; lastKnownFileType = sourcecode.c.h; name = Expr.h; path = Syntax/AST/Expr.h; sourceTree = "<group>"; };
		C4FC164D10D4331C00E6ABD6 /* ExprVisitor.h */ = {isa = PBXFileReference; fileEncoding = 4; lastKnownFileType = sourcecode.c.h; name = ExprVisitor.h; path = Syntax/AST/ExprVisitor.h; sourceTree = "<group>"; };
		C4FC164E10D4331C00E6ABD6 /* KeywordExpr.cpp */ = {isa = PBXFileReference; fileEncoding = 4; lastKnownFileType = sourcecode.cpp.cpp; name = KeywordExpr.cpp; path = Syntax/AST/KeywordExpr.cpp; sourceTree = "<group>"; };
		C4FC164F10D4331C00E6ABD6 /* KeywordExpr.h */ = {isa = PBXFileReference; fileEncoding = 4; lastKnownFileType = sourcecode.c.h; name = KeywordExpr.h; path = Syntax/AST/KeywordExpr.h; sourceTree = "<group>"; };
		C4FC165010D4331C00E6ABD6 /* NameExpr.cpp */ = {isa = PBXFileReference; fileEncoding = 4; lastKnownFileType = sourcecode.cpp.cpp; name = NameExpr.cpp; path = Syntax/AST/NameExpr.cpp; sourceTree = "<group>"; };
		C4FC165110D4331C00E6ABD6 /* NameExpr.h */ = {isa = PBXFileReference; fileEncoding = 4; lastKnownFileType = sourcecode.c.h; name = NameExpr.h; path = Syntax/AST/NameExpr.h; sourceTree = "<group>"; };
		C4FC165210D4331C00E6ABD6 /* NumberExpr.cpp */ = {isa = PBXFileReference; fileEncoding = 4; lastKnownFileType = sourcecode.cpp.cpp; name = NumberExpr.cpp; path = Syntax/AST/NumberExpr.cpp; sourceTree = "<group>"; };
		C4FC165310D4331C00E6ABD6 /* NumberExpr.h */ = {isa = PBXFileReference; fileEncoding = 4; lastKnownFileType = sourcecode.c.h; name = NumberExpr.h; path = Syntax/AST/NumberExpr.h; sourceTree = "<group>"; };
		C4FC165410D4331C00E6ABD6 /* OperatorExpr.cpp */ = {isa = PBXFileReference; fileEncoding = 4; lastKnownFileType = sourcecode.cpp.cpp; name = OperatorExpr.cpp; path = Syntax/AST/OperatorExpr.cpp; sourceTree = "<group>"; };
		C4FC165510D4331C00E6ABD6 /* OperatorExpr.h */ = {isa = PBXFileReference; fileEncoding = 4; lastKnownFileType = sourcecode.c.h; name = OperatorExpr.h; path = Syntax/AST/OperatorExpr.h; sourceTree = "<group>"; };
		C4FC165610D4331C00E6ABD6 /* SequenceExpr.cpp */ = {isa = PBXFileReference; fileEncoding = 4; lastKnownFileType = sourcecode.cpp.cpp; name = SequenceExpr.cpp; path = Syntax/AST/SequenceExpr.cpp; sourceTree = "<group>"; };
		C4FC165710D4331C00E6ABD6 /* SequenceExpr.h */ = {isa = PBXFileReference; fileEncoding = 4; lastKnownFileType = sourcecode.c.h; name = SequenceExpr.h; path = Syntax/AST/SequenceExpr.h; sourceTree = "<group>"; };
		C4FC165810D4331C00E6ABD6 /* SetExpr.cpp */ = {isa = PBXFileReference; fileEncoding = 4; lastKnownFileType = sourcecode.cpp.cpp; name = SetExpr.cpp; path = Syntax/AST/SetExpr.cpp; sourceTree = "<group>"; };
		C4FC165910D4331C00E6ABD6 /* SetExpr.h */ = {isa = PBXFileReference; fileEncoding = 4; lastKnownFileType = sourcecode.c.h; name = SetExpr.h; path = Syntax/AST/SetExpr.h; sourceTree = "<group>"; };
		C4FC165C10D4331C00E6ABD6 /* UnaryExpr.cpp */ = {isa = PBXFileReference; fileEncoding = 4; lastKnownFileType = sourcecode.cpp.cpp; name = UnaryExpr.cpp; path = Syntax/AST/UnaryExpr.cpp; sourceTree = "<group>"; };
		C4FC165D10D4331C00E6ABD6 /* UnaryExpr.h */ = {isa = PBXFileReference; fileEncoding = 4; lastKnownFileType = sourcecode.c.h; name = UnaryExpr.h; path = Syntax/AST/UnaryExpr.h; sourceTree = "<group>"; };
		C4FC166910D4334800E6ABD6 /* FinchParser.cpp */ = {isa = PBXFileReference; fileEncoding = 4; lastKnownFileType = sourcecode.cpp.cpp; name = FinchParser.cpp; path = Syntax/FinchParser.cpp; sourceTree = "<group>"; };
		C4FC166A10D4334800E6ABD6 /* FinchParser.h */ = {isa = PBXFileReference; fileEncoding = 4; lastKnownFileType = sourcecode.c.h; name = FinchParser.h; path = Syntax/FinchParser.h; sourceTree = "<group>"; };
		C4FC166B10D4334800E6ABD6 /* Lexer.cpp */ = {isa = PBXFileReference; fileEncoding = 4; lastKnownFileType = sourcecode.cpp.cpp; name = Lexer.cpp; path = Syntax/Lexer.cpp; sourceTree = "<group>"; };
		C4FC166C10D4334800E6ABD6 /* Lexer.h */ = {isa = PBXFileReference; fileEncoding = 4; lastKnownFileType = sourcecode.c.h; name = Lexer.h; path = Syntax/Lexer.h; sourceTree = "<group>"; };
		C4FC166D10D4334800E6ABD6 /* Parser.cpp */ = {isa = PBXFileReference; fileEncoding = 4; lastKnownFileType = sourcecode.cpp.cpp; name = Parser.cpp; path = Syntax/Parser.cpp; sourceTree = "<group>"; };
		C4FC166E10D4334800E6ABD6 /* Parser.h */ = {isa = PBXFileReference; fileEncoding = 4; lastKnownFileType = sourcecode.c.h; name = Parser.h; path = Syntax/Parser.h; sourceTree = "<group>"; };
		C4FC166F10D4334800E6ABD6 /* Token.cpp */ = {isa = PBXFileReference; fileEncoding = 4; lastKnownFileType = sourcecode.cpp.cpp; name = Token.cpp; path = Syntax/Token.cpp; sourceTree = "<group>"; };
		C4FC167010D4334800E6ABD6 /* Token.h */ = {isa = PBXFileReference; fileEncoding = 4; lastKnownFileType = sourcecode.c.h; name = Token.h; path = Syntax/Token.h; sourceTree = "<group>"; };
		C4FC167510D4336500E6ABD6 /* Macros.h */ = {isa = PBXFileReference; fileEncoding = 4; lastKnownFileType = sourcecode.c.h; name = Macros.h; path = Base/Macros.h; sourceTree = "<group>"; };
		C4FC167610D4336500E6ABD6 /* Ref.cpp */ = {isa = PBXFileReference; fileEncoding = 4; lastKnownFileType = sourcecode.cpp.cpp; name = Ref.cpp; path = Base/Ref.cpp; sourceTree = "<group>"; };
		C4FC167710D4336500E6ABD6 /* Ref.h */ = {isa = PBXFileReference; fileEncoding = 4; lastKnownFileType = sourcecode.c.h; name = Ref.h; path = Base/Ref.h; sourceTree = "<group>"; };
		C4FC167810D4336500E6ABD6 /* String.cpp */ = {isa = PBXFileReference; fileEncoding = 4; lastKnownFileType = sourcecode.cpp.cpp; name = String.cpp; path = Base/String.cpp; sourceTree = "<group>"; };
		C4FC167910D4336500E6ABD6 /* String.h */ = {isa = PBXFileReference; fileEncoding = 4; lastKnownFileType = sourcecode.c.h; name = String.h; path = Base/String.h; sourceTree = "<group>"; };
		C6859E8B029090EE04C91782 /* finch.1 */ = {isa = PBXFileReference; lastKnownFileType = text.man; name = finch.1; path = snow.1; sourceTree = "<group>"; };
/* End PBXFileReference section */

/* Begin PBXFrameworksBuildPhase section */
		8DD76F660486A84900D96B5E /* Frameworks */ = {
			isa = PBXFrameworksBuildPhase;
			buildActionMask = 2147483647;
			files = (
			);
			runOnlyForDeploymentPostprocessing = 0;
		};
/* End PBXFrameworksBuildPhase section */

/* Begin PBXGroup section */
		08FB7794FE84155DC02AAC07 /* snow */ = {
			isa = PBXGroup;
			children = (
				08FB7795FE84155DC02AAC07 /* Source */,
				C6859E8C029090F304C91782 /* Documentation */,
				1AB674ADFE9D54B511CA2CBB /* Products */,
			);
			name = snow;
			sourceTree = "<group>";
		};
		08FB7795FE84155DC02AAC07 /* Source */ = {
			isa = PBXGroup;
			children = (
				C4B9DB2F10CF3C19003C556D /* Interpreter */,
				08FB7796FE84155DC02AAC07 /* main.cpp */,
				C4012A4410CA94580088B77F /* Repl.h */,
				C4012A4710CA948B0088B77F /* Repl.cpp */,
				C4C514D410CB7A0C0045AA86 /* Syntax */,
				C4C514AE10CB77410045AA86 /* Base */,
				C4012A9F10CA99260088B77F /* UnitTests */,
			);
			name = Source;
			sourceTree = "<group>";
		};
		1AB674ADFE9D54B511CA2CBB /* Products */ = {
			isa = PBXGroup;
			children = (
				8DD76F6C0486A84900D96B5E /* finch */,
			);
			name = Products;
			sourceTree = "<group>";
		};
		C4012A9F10CA99260088B77F /* UnitTests */ = {
			isa = PBXGroup;
			children = (
				C4012AA010CA99330088B77F /* TestMain.h */,
				C4012AA110CA99330088B77F /* TestMain.cpp */,
				C4012ACA10CAD89A0088B77F /* TokenTests.h */,
				C4012ACB10CAD89A0088B77F /* TokenTests.cpp */,
				C4012ACD10CAD8ED0088B77F /* Test.h */,
				C4012ACE10CAD8ED0088B77F /* Test.cpp */,
				C402051410CC38FA00B521BB /* RefTests.h */,
				C402051510CC38FA00B521BB /* RefTests.cpp */,
			);
			name = UnitTests;
			sourceTree = "<group>";
		};
		C402051C10CC39D900B521BB /* AST */ = {
			isa = PBXGroup;
			children = (
				C4FC164810D4331C00E6ABD6 /* BlockExpr.h */,
				C4FC164710D4331C00E6ABD6 /* BlockExpr.cpp */,
				C4FC164A10D4331C00E6ABD6 /* DefExpr.h */,
				C4FC164910D4331C00E6ABD6 /* DefExpr.cpp */,
				C4FC164C10D4331C00E6ABD6 /* Expr.h */,
				C4FC164B10D4331C00E6ABD6 /* Expr.cpp */,
				C4FC164D10D4331C00E6ABD6 /* ExprVisitor.h */,
				C4FC164F10D4331C00E6ABD6 /* KeywordExpr.h */,
				C4FC164E10D4331C00E6ABD6 /* KeywordExpr.cpp */,
				C4FC165110D4331C00E6ABD6 /* NameExpr.h */,
				C4FC165010D4331C00E6ABD6 /* NameExpr.cpp */,
				C4FC165310D4331C00E6ABD6 /* NumberExpr.h */,
				C4FC165210D4331C00E6ABD6 /* NumberExpr.cpp */,
				C4FC165510D4331C00E6ABD6 /* OperatorExpr.h */,
				C4FC165410D4331C00E6ABD6 /* OperatorExpr.cpp */,
				C4FC165710D4331C00E6ABD6 /* SequenceExpr.h */,
				C4FC165610D4331C00E6ABD6 /* SequenceExpr.cpp */,
				C4FC165910D4331C00E6ABD6 /* SetExpr.h */,
				C4FC165810D4331C00E6ABD6 /* SetExpr.cpp */,
				C4CDF8BA10D88E43001C9D4A /* StringExpr.h */,
				C4CDF8BB10D88E43001C9D4A /* StringExpr.cpp */,
				C4FC165D10D4331C00E6ABD6 /* UnaryExpr.h */,
				C4FC165C10D4331C00E6ABD6 /* UnaryExpr.cpp */,
			);
			name = AST;
			sourceTree = "<group>";
		};
		C4B9DB2F10CF3C19003C556D /* Interpreter */ = {
			isa = PBXGroup;
			children = (
				C4CDF8B710D88E1F001C9D4A /* Environment.h */,
				C4CDF8B810D88E1F001C9D4A /* Environment.cpp */,
				C4FC15F810D4328300E6ABD6 /* Evaluator.h */,
				C4FC15F710D4328300E6ABD6 /* Evaluator.cpp */,
				C4FC15FE10D4328300E6ABD6 /* Scope.h */,
				C4FC15FD10D4328300E6ABD6 /* Scope.cpp */,
				C4CDF86D10D7CAAE001C9D4A /* Objects */,
				C4CDF84F10D680B2001C9D4A /* Primitives */,
			);
			name = Interpreter;
			sourceTree = "<group>";
		};
		C4C514AE10CB77410045AA86 /* Base */ = {
			isa = PBXGroup;
			children = (
				C4FC167510D4336500E6ABD6 /* Macros.h */,
				C4FC167610D4336500E6ABD6 /* Ref.cpp */,
				C4FC167710D4336500E6ABD6 /* Ref.h */,
				C4FC167810D4336500E6ABD6 /* String.cpp */,
				C4FC167910D4336500E6ABD6 /* String.h */,
				C4FC15E310D3E33F00E6ABD6 /* Dict.h */,
				C4FC15E410D3E33F00E6ABD6 /* Dict.cpp */,
			);
			name = Base;
			sourceTree = "<group>";
		};
		C4C514D410CB7A0C0045AA86 /* Syntax */ = {
			isa = PBXGroup;
			children = (
				C4FC166A10D4334800E6ABD6 /* FinchParser.h */,
				C4FC166910D4334800E6ABD6 /* FinchParser.cpp */,
				C4FC166C10D4334800E6ABD6 /* Lexer.h */,
				C4FC166B10D4334800E6ABD6 /* Lexer.cpp */,
				C4FC166E10D4334800E6ABD6 /* Parser.h */,
				C4FC166D10D4334800E6ABD6 /* Parser.cpp */,
				C4FC167010D4334800E6ABD6 /* Token.h */,
				C4FC166F10D4334800E6ABD6 /* Token.cpp */,
				C402051C10CC39D900B521BB /* AST */,
			);
			name = Syntax;
			sourceTree = "<group>";
		};
		C4CDF84F10D680B2001C9D4A /* Primitives */ = {
			isa = PBXGroup;
			children = (
				C4CDF8B110D88DF3001C9D4A /* BlockPrimitives.h */,
				C4CDF8B210D88DF3001C9D4A /* BlockPrimitives.cpp */,
				C4CDF8AF10D88DF3001C9D4A /* EnvironmentPrimitives.h */,
				C4CDF8B010D88DF3001C9D4A /* EnvironmentPrimitives.cpp */,
				C4CDF8AB10D88DF3001C9D4A /* NumberPrimitives.h */,
				C4CDF8AC10D88DF3001C9D4A /* NumberPrimitives.cpp */,
				C473A8A910DA741B00695099 /* ObjectPrimitives.h */,
				C473A8AA10DA741B00695099 /* ObjectPrimitives.cpp */,
			);
			name = Primitives;
			sourceTree = "<group>";
		};
		C4CDF86D10D7CAAE001C9D4A /* Objects */ = {
			isa = PBXGroup;
			children = (
				C4CDF89D10D88DDF001C9D4A /* BlockObject.h */,
				C4CDF89C10D88DDF001C9D4A /* BlockObject.cpp */,
				C4CDF89F10D88DDF001C9D4A /* DynamicObject.h */,
				C4CDF89E10D88DDF001C9D4A /* DynamicObject.cpp */,
				C4CDF8A110D88DDF001C9D4A /* NumberObject.h */,
				C4CDF8A010D88DDF001C9D4A /* NumberObject.cpp */,
				C4CDF8A310D88DDF001C9D4A /* Object.h */,
				C4CDF8A210D88DDF001C9D4A /* Object.cpp */,
				C4CDF8A510D88DDF001C9D4A /* StringObject.h */,
				C4CDF8A410D88DDF001C9D4A /* StringObject.cpp */,
			);
			name = Objects;
			sourceTree = "<group>";
		};
		C6859E8C029090F304C91782 /* Documentation */ = {
			isa = PBXGroup;
			children = (
				C6859E8B029090EE04C91782 /* finch.1 */,
			);
			name = Documentation;
			sourceTree = "<group>";
		};
/* End PBXGroup section */

/* Begin PBXNativeTarget section */
		8DD76F620486A84900D96B5E /* finch */ = {
			isa = PBXNativeTarget;
			buildConfigurationList = 1DEB923108733DC60010E9CD /* Build configuration list for PBXNativeTarget "finch" */;
			buildPhases = (
				8DD76F640486A84900D96B5E /* Sources */,
				8DD76F660486A84900D96B5E /* Frameworks */,
				8DD76F690486A84900D96B5E /* CopyFiles */,
			);
			buildRules = (
			);
			dependencies = (
			);
			name = finch;
			productInstallPath = "$(HOME)/bin";
			productName = snow;
			productReference = 8DD76F6C0486A84900D96B5E /* finch */;
			productType = "com.apple.product-type.tool";
		};
/* End PBXNativeTarget section */

/* Begin PBXProject section */
		08FB7793FE84155DC02AAC07 /* Project object */ = {
			isa = PBXProject;
			buildConfigurationList = 1DEB923508733DC60010E9CD /* Build configuration list for PBXProject "finch" */;
			compatibilityVersion = "Xcode 3.1";
			hasScannedForEncodings = 1;
			mainGroup = 08FB7794FE84155DC02AAC07 /* snow */;
			projectDirPath = "";
			projectRoot = "";
			targets = (
				8DD76F620486A84900D96B5E /* finch */,
			);
		};
/* End PBXProject section */

/* Begin PBXSourcesBuildPhase section */
		8DD76F640486A84900D96B5E /* Sources */ = {
			isa = PBXSourcesBuildPhase;
			buildActionMask = 2147483647;
			files = (
				8DD76F650486A84900D96B5E /* main.cpp in Sources */,
				C4012A4810CA948B0088B77F /* Repl.cpp in Sources */,
				C4012AA210CA99330088B77F /* TestMain.cpp in Sources */,
				C4012ACC10CAD89A0088B77F /* TokenTests.cpp in Sources */,
				C4012ACF10CAD8ED0088B77F /* Test.cpp in Sources */,
				C402051610CC38FA00B521BB /* RefTests.cpp in Sources */,
				C4FC15E510D3E33F00E6ABD6 /* Dict.cpp in Sources */,
				C4FC160310D4328300E6ABD6 /* Evaluator.cpp in Sources */,
				C4FC160610D4328300E6ABD6 /* Scope.cpp in Sources */,
				C4FC165E10D4331C00E6ABD6 /* BlockExpr.cpp in Sources */,
				C4FC165F10D4331C00E6ABD6 /* DefExpr.cpp in Sources */,
				C4FC166010D4331C00E6ABD6 /* Expr.cpp in Sources */,
				C4FC166110D4331C00E6ABD6 /* KeywordExpr.cpp in Sources */,
				C4FC166210D4331C00E6ABD6 /* NameExpr.cpp in Sources */,
				C4FC166310D4331C00E6ABD6 /* NumberExpr.cpp in Sources */,
				C4FC166410D4331C00E6ABD6 /* OperatorExpr.cpp in Sources */,
				C4FC166510D4331C00E6ABD6 /* SequenceExpr.cpp in Sources */,
				C4FC166610D4331C00E6ABD6 /* SetExpr.cpp in Sources */,
				C4FC166810D4331C00E6ABD6 /* UnaryExpr.cpp in Sources */,
				C4FC167110D4334800E6ABD6 /* FinchParser.cpp in Sources */,
				C4FC167210D4334800E6ABD6 /* Lexer.cpp in Sources */,
				C4FC167310D4334800E6ABD6 /* Parser.cpp in Sources */,
				C4FC167410D4334800E6ABD6 /* Token.cpp in Sources */,
				C4FC167A10D4336500E6ABD6 /* Ref.cpp in Sources */,
				C4FC167B10D4336500E6ABD6 /* String.cpp in Sources */,
				C4CDF8A610D88DDF001C9D4A /* BlockObject.cpp in Sources */,
				C4CDF8A710D88DDF001C9D4A /* DynamicObject.cpp in Sources */,
				C4CDF8A810D88DDF001C9D4A /* NumberObject.cpp in Sources */,
				C4CDF8A910D88DDF001C9D4A /* Object.cpp in Sources */,
				C4CDF8AA10D88DDF001C9D4A /* StringObject.cpp in Sources */,
				C4CDF8B310D88DF3001C9D4A /* NumberPrimitives.cpp in Sources */,
				C4CDF8B510D88DF3001C9D4A /* EnvironmentPrimitives.cpp in Sources */,
				C4CDF8B610D88DF3001C9D4A /* BlockPrimitives.cpp in Sources */,
				C4CDF8B910D88E1F001C9D4A /* Environment.cpp in Sources */,
				C4CDF8BC10D88E43001C9D4A /* StringExpr.cpp in Sources */,
				C473A8AB10DA741B00695099 /* ObjectPrimitives.cpp in Sources */,
			);
			runOnlyForDeploymentPostprocessing = 0;
		};
/* End PBXSourcesBuildPhase section */

/* Begin XCBuildConfiguration section */
		1DEB923208733DC60010E9CD /* Debug */ = {
			isa = XCBuildConfiguration;
			buildSettings = {
				ALWAYS_SEARCH_USER_PATHS = NO;
				COPY_PHASE_STRIP = NO;
				GCC_DYNAMIC_NO_PIC = NO;
				GCC_ENABLE_FIX_AND_CONTINUE = YES;
				GCC_MODEL_TUNING = G5;
				GCC_OPTIMIZATION_LEVEL = 0;
				GCC_PREPROCESSOR_DEFINITIONS = (
					"_GLIBCXX_DEBUG=1",
					"_GLIBCXX_DEBUG_PEDANTIC=1",
				);
				INSTALL_PATH = /usr/local/bin;
				PRODUCT_NAME = finch;
				SYMROOT = ../build;
			};
			name = Debug;
		};
		1DEB923308733DC60010E9CD /* Release */ = {
			isa = XCBuildConfiguration;
			buildSettings = {
				ALWAYS_SEARCH_USER_PATHS = NO;
				DEBUG_INFORMATION_FORMAT = "dwarf-with-dsym";
				GCC_MODEL_TUNING = G5;
				INSTALL_PATH = /usr/local/bin;
				PRODUCT_NAME = finch;
				SYMROOT = ../build;
			};
			name = Release;
		};
		1DEB923608733DC60010E9CD /* Debug */ = {
			isa = XCBuildConfiguration;
			buildSettings = {
				ARCHS = "$(ARCHS_STANDARD_32_BIT)";
				GCC_C_LANGUAGE_STANDARD = c99;
				GCC_OPTIMIZATION_LEVEL = 0;
				GCC_WARN_ABOUT_RETURN_TYPE = YES;
				GCC_WARN_UNUSED_VARIABLE = YES;
				ONLY_ACTIVE_ARCH = YES;
				PREBINDING = NO;
				SDKROOT = macosx10.5;
			};
			name = Debug;
		};
		1DEB923708733DC60010E9CD /* Release */ = {
			isa = XCBuildConfiguration;
			buildSettings = {
				ARCHS = "$(ARCHS_STANDARD_32_BIT)";
				GCC_C_LANGUAGE_STANDARD = c99;
				GCC_WARN_ABOUT_RETURN_TYPE = YES;
				GCC_WARN_UNUSED_VARIABLE = YES;
				PREBINDING = NO;
				SDKROOT = macosx10.5;
			};
			name = Release;
		};
/* End XCBuildConfiguration section */

/* Begin XCConfigurationList section */
		1DEB923108733DC60010E9CD /* Build configuration list for PBXNativeTarget "finch" */ = {
			isa = XCConfigurationList;
			buildConfigurations = (
				1DEB923208733DC60010E9CD /* Debug */,
				1DEB923308733DC60010E9CD /* Release */,
			);
			defaultConfigurationIsVisible = 0;
			defaultConfigurationName = Release;
		};
		1DEB923508733DC60010E9CD /* Build configuration list for PBXProject "finch" */ = {
			isa = XCConfigurationList;
			buildConfigurations = (
				1DEB923608733DC60010E9CD /* Debug */,
				1DEB923708733DC60010E9CD /* Release */,
			);
			defaultConfigurationIsVisible = 0;
			defaultConfigurationName = Release;
		};
/* End XCConfigurationList section */
	};
	rootObject = 08FB7793FE84155DC02AAC07 /* Project object */;
}
