// !$*UTF8*$!
{
	archiveVersion = 1;
	classes = {
	};
	objectVersion = 45;
	objects = {

/* Begin PBXBuildFile section */
		8DD76F650486A84900D96B5E /* main.cpp in Sources */ = {isa = PBXBuildFile; fileRef = 08FB7796FE84155DC02AAC07 /* main.cpp */; settings = {ATTRIBUTES = (); }; };
		8DD76F6A0486A84900D96B5E /* finch.1 in CopyFiles */ = {isa = PBXBuildFile; fileRef = C6859E8B029090EE04C91782 /* finch.1 */; };
		C4012A4810CA948B0088B77F /* Repl.cpp in Sources */ = {isa = PBXBuildFile; fileRef = C4012A4710CA948B0088B77F /* Repl.cpp */; };
		C4012A9710CA98860088B77F /* Lexer.cpp in Sources */ = {isa = PBXBuildFile; fileRef = C4012A9610CA98860088B77F /* Lexer.cpp */; };
		C4012A9C10CA98C80088B77F /* Token.cpp in Sources */ = {isa = PBXBuildFile; fileRef = C4012A9B10CA98C80088B77F /* Token.cpp */; };
		C4012AA210CA99330088B77F /* TestMain.cpp in Sources */ = {isa = PBXBuildFile; fileRef = C4012AA110CA99330088B77F /* TestMain.cpp */; };
		C4012ACC10CAD89A0088B77F /* TokenTests.cpp in Sources */ = {isa = PBXBuildFile; fileRef = C4012ACB10CAD89A0088B77F /* TokenTests.cpp */; };
		C4012ACF10CAD8ED0088B77F /* Test.cpp in Sources */ = {isa = PBXBuildFile; fileRef = C4012ACE10CAD8ED0088B77F /* Test.cpp */; };
		C4012B8B10CAE4350088B77F /* String.cpp in Sources */ = {isa = PBXBuildFile; fileRef = C4012B8A10CAE4350088B77F /* String.cpp */; };
		C4C514AD10CB77050045AA86 /* Parser.cpp in Sources */ = {isa = PBXBuildFile; fileRef = C4C514AC10CB77050045AA86 /* Parser.cpp */; };
/* End PBXBuildFile section */

/* Begin PBXCopyFilesBuildPhase section */
		8DD76F690486A84900D96B5E /* CopyFiles */ = {
			isa = PBXCopyFilesBuildPhase;
			buildActionMask = 8;
			dstPath = /usr/share/man/man1/;
			dstSubfolderSpec = 0;
			files = (
				8DD76F6A0486A84900D96B5E /* finch.1 in CopyFiles */,
			);
			runOnlyForDeploymentPostprocessing = 1;
		};
/* End PBXCopyFilesBuildPhase section */

/* Begin PBXFileReference section */
		08FB7796FE84155DC02AAC07 /* main.cpp */ = {isa = PBXFileReference; fileEncoding = 4; lastKnownFileType = sourcecode.cpp.cpp; path = main.cpp; sourceTree = "<group>"; };
		8DD76F6C0486A84900D96B5E /* snow */ = {isa = PBXFileReference; explicitFileType = "compiled.mach-o.executable"; includeInIndex = 0; path = snow; sourceTree = BUILT_PRODUCTS_DIR; };
		C4012A4410CA94580088B77F /* Repl.h */ = {isa = PBXFileReference; fileEncoding = 4; lastKnownFileType = sourcecode.c.h; path = Repl.h; sourceTree = "<group>"; };
		C4012A4710CA948B0088B77F /* Repl.cpp */ = {isa = PBXFileReference; fileEncoding = 4; lastKnownFileType = sourcecode.cpp.cpp; path = Repl.cpp; sourceTree = "<group>"; };
		C4012A9510CA98860088B77F /* Lexer.h */ = {isa = PBXFileReference; fileEncoding = 4; lastKnownFileType = sourcecode.c.h; path = Lexer.h; sourceTree = "<group>"; };
		C4012A9610CA98860088B77F /* Lexer.cpp */ = {isa = PBXFileReference; fileEncoding = 4; lastKnownFileType = sourcecode.cpp.cpp; path = Lexer.cpp; sourceTree = "<group>"; };
		C4012A9A10CA98C80088B77F /* Token.h */ = {isa = PBXFileReference; fileEncoding = 4; lastKnownFileType = sourcecode.c.h; path = Token.h; sourceTree = "<group>"; };
		C4012A9B10CA98C80088B77F /* Token.cpp */ = {isa = PBXFileReference; fileEncoding = 4; lastKnownFileType = sourcecode.cpp.cpp; path = Token.cpp; sourceTree = "<group>"; };
		C4012AA010CA99330088B77F /* TestMain.h */ = {isa = PBXFileReference; fileEncoding = 4; lastKnownFileType = sourcecode.c.h; path = TestMain.h; sourceTree = "<group>"; };
		C4012AA110CA99330088B77F /* TestMain.cpp */ = {isa = PBXFileReference; fileEncoding = 4; lastKnownFileType = sourcecode.cpp.cpp; path = TestMain.cpp; sourceTree = "<group>"; };
		C4012ACA10CAD89A0088B77F /* TokenTests.h */ = {isa = PBXFileReference; fileEncoding = 4; lastKnownFileType = sourcecode.c.h; path = TokenTests.h; sourceTree = "<group>"; };
		C4012ACB10CAD89A0088B77F /* TokenTests.cpp */ = {isa = PBXFileReference; fileEncoding = 4; lastKnownFileType = sourcecode.cpp.cpp; path = TokenTests.cpp; sourceTree = "<group>"; };
		C4012ACD10CAD8ED0088B77F /* Test.h */ = {isa = PBXFileReference; fileEncoding = 4; lastKnownFileType = sourcecode.c.h; path = Test.h; sourceTree = "<group>"; };
		C4012ACE10CAD8ED0088B77F /* Test.cpp */ = {isa = PBXFileReference; fileEncoding = 4; lastKnownFileType = sourcecode.cpp.cpp; path = Test.cpp; sourceTree = "<group>"; };
		C4012B8910CAE4350088B77F /* String.h */ = {isa = PBXFileReference; fileEncoding = 4; lastKnownFileType = sourcecode.c.h; path = String.h; sourceTree = "<group>"; };
		C4012B8A10CAE4350088B77F /* String.cpp */ = {isa = PBXFileReference; fileEncoding = 4; lastKnownFileType = sourcecode.cpp.cpp; path = String.cpp; sourceTree = "<group>"; };
		C4012C0510CB0AB70088B77F /* Macros.h */ = {isa = PBXFileReference; fileEncoding = 4; lastKnownFileType = sourcecode.c.h; path = Macros.h; sourceTree = "<group>"; };
		C4C514AB10CB77050045AA86 /* Parser.h */ = {isa = PBXFileReference; fileEncoding = 4; lastKnownFileType = sourcecode.c.h; path = Parser.h; sourceTree = "<group>"; };
		C4C514AC10CB77050045AA86 /* Parser.cpp */ = {isa = PBXFileReference; fileEncoding = 4; lastKnownFileType = sourcecode.cpp.cpp; path = Parser.cpp; sourceTree = "<group>"; };
		C4C514D510CB7A4D0045AA86 /* ITokenReader.h */ = {isa = PBXFileReference; fileEncoding = 4; lastKnownFileType = sourcecode.c.h; path = ITokenReader.h; sourceTree = "<group>"; };
		C6859E8B029090EE04C91782 /* finch.1 */ = {isa = PBXFileReference; lastKnownFileType = text.man; name = finch.1; path = snow.1; sourceTree = "<group>"; };
/* End PBXFileReference section */

/* Begin PBXFrameworksBuildPhase section */
		8DD76F660486A84900D96B5E /* Frameworks */ = {
			isa = PBXFrameworksBuildPhase;
			buildActionMask = 2147483647;
			files = (
			);
			runOnlyForDeploymentPostprocessing = 0;
		};
/* End PBXFrameworksBuildPhase section */

/* Begin PBXGroup section */
		08FB7794FE84155DC02AAC07 /* snow */ = {
			isa = PBXGroup;
			children = (
				08FB7795FE84155DC02AAC07 /* Source */,
				C6859E8C029090F304C91782 /* Documentation */,
				1AB674ADFE9D54B511CA2CBB /* Products */,
			);
			name = snow;
			sourceTree = "<group>";
		};
		08FB7795FE84155DC02AAC07 /* Source */ = {
			isa = PBXGroup;
			children = (
				C4C514D410CB7A0C0045AA86 /* Syntax */,
				C4C514AE10CB77410045AA86 /* Base */,
				C4012A9F10CA99260088B77F /* UnitTests */,
				08FB7796FE84155DC02AAC07 /* main.cpp */,
				C4012A4410CA94580088B77F /* Repl.h */,
				C4012A4710CA948B0088B77F /* Repl.cpp */,
			);
			name = Source;
			sourceTree = "<group>";
		};
		1AB674ADFE9D54B511CA2CBB /* Products */ = {
			isa = PBXGroup;
			children = (
				8DD76F6C0486A84900D96B5E /* snow */,
			);
			name = Products;
			sourceTree = "<group>";
		};
		C4012A9F10CA99260088B77F /* UnitTests */ = {
			isa = PBXGroup;
			children = (
				C4012AA010CA99330088B77F /* TestMain.h */,
				C4012AA110CA99330088B77F /* TestMain.cpp */,
				C4012ACA10CAD89A0088B77F /* TokenTests.h */,
				C4012ACB10CAD89A0088B77F /* TokenTests.cpp */,
				C4012ACD10CAD8ED0088B77F /* Test.h */,
				C4012ACE10CAD8ED0088B77F /* Test.cpp */,
			);
			name = UnitTests;
			sourceTree = "<group>";
		};
		C4C514AE10CB77410045AA86 /* Base */ = {
			isa = PBXGroup;
			children = (
				C4012C0510CB0AB70088B77F /* Macros.h */,
				C4012B8910CAE4350088B77F /* String.h */,
				C4012B8A10CAE4350088B77F /* String.cpp */,
			);
			name = Base;
			sourceTree = "<group>";
		};
		C4C514D410CB7A0C0045AA86 /* Syntax */ = {
			isa = PBXGroup;
			children = (
				C4012A9510CA98860088B77F /* Lexer.h */,
				C4012A9610CA98860088B77F /* Lexer.cpp */,
				C4012A9A10CA98C80088B77F /* Token.h */,
				C4012A9B10CA98C80088B77F /* Token.cpp */,
				C4C514AB10CB77050045AA86 /* Parser.h */,
				C4C514AC10CB77050045AA86 /* Parser.cpp */,
				C4C514D510CB7A4D0045AA86 /* ITokenReader.h */,
			);
			name = Syntax;
			sourceTree = "<group>";
		};
		C6859E8C029090F304C91782 /* Documentation */ = {
			isa = PBXGroup;
			children = (
				C6859E8B029090EE04C91782 /* finch.1 */,
			);
			name = Documentation;
			sourceTree = "<group>";
		};
/* End PBXGroup section */

/* Begin PBXNativeTarget section */
		8DD76F620486A84900D96B5E /* finch */ = {
			isa = PBXNativeTarget;
			buildConfigurationList = 1DEB923108733DC60010E9CD /* Build configuration list for PBXNativeTarget "finch" */;
			buildPhases = (
				8DD76F640486A84900D96B5E /* Sources */,
				8DD76F660486A84900D96B5E /* Frameworks */,
				8DD76F690486A84900D96B5E /* CopyFiles */,
			);
			buildRules = (
			);
			dependencies = (
			);
			name = finch;
			productInstallPath = "$(HOME)/bin";
			productName = snow;
			productReference = 8DD76F6C0486A84900D96B5E /* snow */;
			productType = "com.apple.product-type.tool";
		};
/* End PBXNativeTarget section */

/* Begin PBXProject section */
		08FB7793FE84155DC02AAC07 /* Project object */ = {
			isa = PBXProject;
			buildConfigurationList = 1DEB923508733DC60010E9CD /* Build configuration list for PBXProject "finch" */;
			compatibilityVersion = "Xcode 3.1";
			hasScannedForEncodings = 1;
			mainGroup = 08FB7794FE84155DC02AAC07 /* snow */;
			projectDirPath = "";
			projectRoot = "";
			targets = (
				8DD76F620486A84900D96B5E /* finch */,
			);
		};
/* End PBXProject section */

/* Begin PBXSourcesBuildPhase section */
		8DD76F640486A84900D96B5E /* Sources */ = {
			isa = PBXSourcesBuildPhase;
			buildActionMask = 2147483647;
			files = (
				8DD76F650486A84900D96B5E /* main.cpp in Sources */,
				C4012A4810CA948B0088B77F /* Repl.cpp in Sources */,
				C4012A9710CA98860088B77F /* Lexer.cpp in Sources */,
				C4012A9C10CA98C80088B77F /* Token.cpp in Sources */,
				C4012AA210CA99330088B77F /* TestMain.cpp in Sources */,
				C4012ACC10CAD89A0088B77F /* TokenTests.cpp in Sources */,
				C4012ACF10CAD8ED0088B77F /* Test.cpp in Sources */,
				C4012B8B10CAE4350088B77F /* String.cpp in Sources */,
				C4C514AD10CB77050045AA86 /* Parser.cpp in Sources */,
			);
			runOnlyForDeploymentPostprocessing = 0;
		};
/* End PBXSourcesBuildPhase section */

/* Begin XCBuildConfiguration section */
		1DEB923208733DC60010E9CD /* Debug */ = {
			isa = XCBuildConfiguration;
			buildSettings = {
				ALWAYS_SEARCH_USER_PATHS = NO;
				COPY_PHASE_STRIP = NO;
				GCC_DYNAMIC_NO_PIC = NO;
				GCC_ENABLE_FIX_AND_CONTINUE = YES;
				GCC_MODEL_TUNING = G5;
				GCC_OPTIMIZATION_LEVEL = 0;
				GCC_PREPROCESSOR_DEFINITIONS = (
					"_GLIBCXX_DEBUG=1",
					"_GLIBCXX_DEBUG_PEDANTIC=1",
				);
				INSTALL_PATH = /usr/local/bin;
				PRODUCT_NAME = snow;
				SYMROOT = ../build;
			};
			name = Debug;
		};
		1DEB923308733DC60010E9CD /* Release */ = {
			isa = XCBuildConfiguration;
			buildSettings = {
				ALWAYS_SEARCH_USER_PATHS = NO;
				DEBUG_INFORMATION_FORMAT = "dwarf-with-dsym";
				GCC_MODEL_TUNING = G5;
				INSTALL_PATH = /usr/local/bin;
				PRODUCT_NAME = snow;
				SYMROOT = ../build;
			};
			name = Release;
		};
		1DEB923608733DC60010E9CD /* Debug */ = {
			isa = XCBuildConfiguration;
			buildSettings = {
				ARCHS = "$(ARCHS_STANDARD_32_BIT)";
				GCC_C_LANGUAGE_STANDARD = c99;
				GCC_OPTIMIZATION_LEVEL = 0;
				GCC_WARN_ABOUT_RETURN_TYPE = YES;
				GCC_WARN_UNUSED_VARIABLE = YES;
				ONLY_ACTIVE_ARCH = YES;
				PREBINDING = NO;
				SDKROOT = macosx10.5;
			};
			name = Debug;
		};
		1DEB923708733DC60010E9CD /* Release */ = {
			isa = XCBuildConfiguration;
			buildSettings = {
				ARCHS = "$(ARCHS_STANDARD_32_BIT)";
				GCC_C_LANGUAGE_STANDARD = c99;
				GCC_WARN_ABOUT_RETURN_TYPE = YES;
				GCC_WARN_UNUSED_VARIABLE = YES;
				PREBINDING = NO;
				SDKROOT = macosx10.5;
			};
			name = Release;
		};
/* End XCBuildConfiguration section */

/* Begin XCConfigurationList section */
		1DEB923108733DC60010E9CD /* Build configuration list for PBXNativeTarget "finch" */ = {
			isa = XCConfigurationList;
			buildConfigurations = (
				1DEB923208733DC60010E9CD /* Debug */,
				1DEB923308733DC60010E9CD /* Release */,
			);
			defaultConfigurationIsVisible = 0;
			defaultConfigurationName = Release;
		};
		1DEB923508733DC60010E9CD /* Build configuration list for PBXProject "finch" */ = {
			isa = XCConfigurationList;
			buildConfigurations = (
				1DEB923608733DC60010E9CD /* Debug */,
				1DEB923708733DC60010E9CD /* Release */,
			);
			defaultConfigurationIsVisible = 0;
			defaultConfigurationName = Release;
		};
/* End XCConfigurationList section */
	};
	rootObject = 08FB7793FE84155DC02AAC07 /* Project object */;
}
